
Microsoft Visual Studio Solution File, Format Version 12.00
# Visual Studio Version 16
VisualStudioVersion = 16.6.30114.105
MinimumVisualStudioVersion = 10.0.40219.1
Project("{2150E333-8FDC-42A3-9474-1A3956D46DE8}") = "src", "src", "{115DEAE9-57ED-4D18-98B5-15C01D3E1653}"
EndProject
Project("{FAE04EC0-301F-11D3-BF4B-00C04F79EFBC}") = "Timebox.Api", "src\Timebox.Api\Timebox.Api.csproj", "{11E9CB54-D507-46ED-953C-F20C755500F0}"
EndProject
Project("{FAE04EC0-301F-11D3-BF4B-00C04F79EFBC}") = "Timebox.Application", "src\Timebox.Application\Timebox.Application.csproj", "{50929CF6-0475-4F19-BB39-8C31730A480B}"
EndProject
Project("{FAE04EC0-301F-11D3-BF4B-00C04F79EFBC}") = "Timebox.Application.Interfaces", "src\Timebox.Application.Interfaces\Timebox.Application.Interfaces.csproj", "{6B75EC03-A474-47F9-8D6F-82B65DC133A9}"
EndProject
Project("{FAE04EC0-301F-11D3-BF4B-00C04F79EFBC}") = "Timebox.Domain", "src\Timebox.Domain\Timebox.Domain.csproj", "{8673D5C0-F9D4-4096-8ADE-27BC1E97AF22}"
EndProject
Project("{FAE04EC0-301F-11D3-BF4B-00C04F79EFBC}") = "Timebox.Infrastructure", "src\Timebox.Infrastructure\Timebox.Infrastructure.csproj", "{BAD5F9E1-DA18-4E9F-B19E-296D57FDEF78}"
EndProject
Project("{2150E333-8FDC-42A3-9474-1A3956D46DE8}") = "tests", "tests", "{252682EB-D9B4-47EC-B73F-B801F8C3ED81}"
EndProject
Project("{FAE04EC0-301F-11D3-BF4B-00C04F79EFBC}") = "Timebox.Api.Tests", "tests\Timebox.Api.Tests\Timebox.Api.Tests.csproj", "{0EC796FA-754E-4927-AC04-8ADB4C9BD360}"
EndProject
Project("{FAE04EC0-301F-11D3-BF4B-00C04F79EFBC}") = "Timebox.Application.Tests", "tests\Timebox.Application.Tests\Timebox.Application.Tests.csproj", "{03B7DFC0-58AE-4D54-9808-7CF75FA3D233}"
EndProject
Project("{FAE04EC0-301F-11D3-BF4B-00C04F79EFBC}") = "Timebox.Application.Interfaces.Tests", "tests\Timebox.Application.Interfaces.Tests\Timebox.Application.Interfaces.Tests.csproj", "{59F1084B-A5DE-495E-BBB7-ADC446EC340A}"
EndProject
Project("{FAE04EC0-301F-11D3-BF4B-00C04F79EFBC}") = "Timebox.Domain.Tests", "tests\Timebox.Domain.Tests\Timebox.Domain.Tests.csproj", "{20B8DA20-A91E-4171-9BD6-F155D7311371}"
EndProject
Project("{FAE04EC0-301F-11D3-BF4B-00C04F79EFBC}") = "Timebox.Infrastructure.Tests", "tests\Timebox.Infrastructure.Tests\Timebox.Infrastructure.Tests.csproj", "{18721C95-3128-4E41-B130-E74124AB3C94}"
EndProject
Global
	GlobalSection(SolutionConfigurationPlatforms) = preSolution
		Debug|Any CPU = Debug|Any CPU
		Debug|x64 = Debug|x64
		Debug|x86 = Debug|x86
		Release|Any CPU = Release|Any CPU
		Release|x64 = Release|x64
		Release|x86 = Release|x86
	EndGlobalSection
	GlobalSection(SolutionProperties) = preSolution
		HideSolutionNode = FALSE
	EndGlobalSection
	GlobalSection(ProjectConfigurationPlatforms) = postSolution
		{11E9CB54-D507-46ED-953C-F20C755500F0}.Debug|Any CPU.ActiveCfg = Debug|Any CPU
		{11E9CB54-D507-46ED-953C-F20C755500F0}.Debug|Any CPU.Build.0 = Debug|Any CPU
		{11E9CB54-D507-46ED-953C-F20C755500F0}.Debug|x64.ActiveCfg = Debug|Any CPU
		{11E9CB54-D507-46ED-953C-F20C755500F0}.Debug|x64.Build.0 = Debug|Any CPU
		{11E9CB54-D507-46ED-953C-F20C755500F0}.Debug|x86.ActiveCfg = Debug|Any CPU
		{11E9CB54-D507-46ED-953C-F20C755500F0}.Debug|x86.Build.0 = Debug|Any CPU
		{11E9CB54-D507-46ED-953C-F20C755500F0}.Release|Any CPU.ActiveCfg = Release|Any CPU
		{11E9CB54-D507-46ED-953C-F20C755500F0}.Release|Any CPU.Build.0 = Release|Any CPU
		{11E9CB54-D507-46ED-953C-F20C755500F0}.Release|x64.ActiveCfg = Release|Any CPU
		{11E9CB54-D507-46ED-953C-F20C755500F0}.Release|x64.Build.0 = Release|Any CPU
		{11E9CB54-D507-46ED-953C-F20C755500F0}.Release|x86.ActiveCfg = Release|Any CPU
		{11E9CB54-D507-46ED-953C-F20C755500F0}.Release|x86.Build.0 = Release|Any CPU
		{50929CF6-0475-4F19-BB39-8C31730A480B}.Debug|Any CPU.ActiveCfg = Debug|Any CPU
		{50929CF6-0475-4F19-BB39-8C31730A480B}.Debug|Any CPU.Build.0 = Debug|Any CPU
		{50929CF6-0475-4F19-BB39-8C31730A480B}.Debug|x64.ActiveCfg = Debug|Any CPU
		{50929CF6-0475-4F19-BB39-8C31730A480B}.Debug|x64.Build.0 = Debug|Any CPU
		{50929CF6-0475-4F19-BB39-8C31730A480B}.Debug|x86.ActiveCfg = Debug|Any CPU
		{50929CF6-0475-4F19-BB39-8C31730A480B}.Debug|x86.Build.0 = Debug|Any CPU
		{50929CF6-0475-4F19-BB39-8C31730A480B}.Release|Any CPU.ActiveCfg = Release|Any CPU
		{50929CF6-0475-4F19-BB39-8C31730A480B}.Release|Any CPU.Build.0 = Release|Any CPU
		{50929CF6-0475-4F19-BB39-8C31730A480B}.Release|x64.ActiveCfg = Release|Any CPU
		{50929CF6-0475-4F19-BB39-8C31730A480B}.Release|x64.Build.0 = Release|Any CPU
		{50929CF6-0475-4F19-BB39-8C31730A480B}.Release|x86.ActiveCfg = Release|Any CPU
		{50929CF6-0475-4F19-BB39-8C31730A480B}.Release|x86.Build.0 = Release|Any CPU
		{6B75EC03-A474-47F9-8D6F-82B65DC133A9}.Debug|Any CPU.ActiveCfg = Debug|Any CPU
		{6B75EC03-A474-47F9-8D6F-82B65DC133A9}.Debug|Any CPU.Build.0 = Debug|Any CPU
		{6B75EC03-A474-47F9-8D6F-82B65DC133A9}.Debug|x64.ActiveCfg = Debug|Any CPU
		{6B75EC03-A474-47F9-8D6F-82B65DC133A9}.Debug|x64.Build.0 = Debug|Any CPU
		{6B75EC03-A474-47F9-8D6F-82B65DC133A9}.Debug|x86.ActiveCfg = Debug|Any CPU
		{6B75EC03-A474-47F9-8D6F-82B65DC133A9}.Debug|x86.Build.0 = Debug|Any CPU
		{6B75EC03-A474-47F9-8D6F-82B65DC133A9}.Release|Any CPU.ActiveCfg = Release|Any CPU
		{6B75EC03-A474-47F9-8D6F-82B65DC133A9}.Release|Any CPU.Build.0 = Release|Any CPU
		{6B75EC03-A474-47F9-8D6F-82B65DC133A9}.Release|x64.ActiveCfg = Release|Any CPU
		{6B75EC03-A474-47F9-8D6F-82B65DC133A9}.Release|x64.Build.0 = Release|Any CPU
		{6B75EC03-A474-47F9-8D6F-82B65DC133A9}.Release|x86.ActiveCfg = Release|Any CPU
		{6B75EC03-A474-47F9-8D6F-82B65DC133A9}.Release|x86.Build.0 = Release|Any CPU
		{8673D5C0-F9D4-4096-8ADE-27BC1E97AF22}.Debug|Any CPU.ActiveCfg = Debug|Any CPU
		{8673D5C0-F9D4-4096-8ADE-27BC1E97AF22}.Debug|Any CPU.Build.0 = Debug|Any CPU
		{8673D5C0-F9D4-4096-8ADE-27BC1E97AF22}.Debug|x64.ActiveCfg = Debug|Any CPU
		{8673D5C0-F9D4-4096-8ADE-27BC1E97AF22}.Debug|x64.Build.0 = Debug|Any CPU
		{8673D5C0-F9D4-4096-8ADE-27BC1E97AF22}.Debug|x86.ActiveCfg = Debug|Any CPU
		{8673D5C0-F9D4-4096-8ADE-27BC1E97AF22}.Debug|x86.Build.0 = Debug|Any CPU
		{8673D5C0-F9D4-4096-8ADE-27BC1E97AF22}.Release|Any CPU.ActiveCfg = Release|Any CPU
		{8673D5C0-F9D4-4096-8ADE-27BC1E97AF22}.Release|Any CPU.Build.0 = Release|Any CPU
		{8673D5C0-F9D4-4096-8ADE-27BC1E97AF22}.Release|x64.ActiveCfg = Release|Any CPU
		{8673D5C0-F9D4-4096-8ADE-27BC1E97AF22}.Release|x64.Build.0 = Release|Any CPU
		{8673D5C0-F9D4-4096-8ADE-27BC1E97AF22}.Release|x86.ActiveCfg = Release|Any CPU
		{8673D5C0-F9D4-4096-8ADE-27BC1E97AF22}.Release|x86.Build.0 = Release|Any CPU
		{BAD5F9E1-DA18-4E9F-B19E-296D57FDEF78}.Debug|Any CPU.ActiveCfg = Debug|Any CPU
		{BAD5F9E1-DA18-4E9F-B19E-296D57FDEF78}.Debug|Any CPU.Build.0 = Debug|Any CPU
		{BAD5F9E1-DA18-4E9F-B19E-296D57FDEF78}.Debug|x64.ActiveCfg = Debug|Any CPU
		{BAD5F9E1-DA18-4E9F-B19E-296D57FDEF78}.Debug|x64.Build.0 = Debug|Any CPU
		{BAD5F9E1-DA18-4E9F-B19E-296D57FDEF78}.Debug|x86.ActiveCfg = Debug|Any CPU
		{BAD5F9E1-DA18-4E9F-B19E-296D57FDEF78}.Debug|x86.Build.0 = Debug|Any CPU
		{BAD5F9E1-DA18-4E9F-B19E-296D57FDEF78}.Release|Any CPU.ActiveCfg = Release|Any CPU
		{BAD5F9E1-DA18-4E9F-B19E-296D57FDEF78}.Release|Any CPU.Build.0 = Release|Any CPU
		{BAD5F9E1-DA18-4E9F-B19E-296D57FDEF78}.Release|x64.ActiveCfg = Release|Any CPU
		{BAD5F9E1-DA18-4E9F-B19E-296D57FDEF78}.Release|x64.Build.0 = Release|Any CPU
		{BAD5F9E1-DA18-4E9F-B19E-296D57FDEF78}.Release|x86.ActiveCfg = Release|Any CPU
		{BAD5F9E1-DA18-4E9F-B19E-296D57FDEF78}.Release|x86.Build.0 = Release|Any CPU
		{0EC796FA-754E-4927-AC04-8ADB4C9BD360}.Debug|Any CPU.ActiveCfg = Debug|Any CPU
		{0EC796FA-754E-4927-AC04-8ADB4C9BD360}.Debug|Any CPU.Build.0 = Debug|Any CPU
		{0EC796FA-754E-4927-AC04-8ADB4C9BD360}.Debug|x64.ActiveCfg = Debug|Any CPU
		{0EC796FA-754E-4927-AC04-8ADB4C9BD360}.Debug|x64.Build.0 = Debug|Any CPU
		{0EC796FA-754E-4927-AC04-8ADB4C9BD360}.Debug|x86.ActiveCfg = Debug|Any CPU
		{0EC796FA-754E-4927-AC04-8ADB4C9BD360}.Debug|x86.Build.0 = Debug|Any CPU
		{0EC796FA-754E-4927-AC04-8ADB4C9BD360}.Release|Any CPU.ActiveCfg = Release|Any CPU
		{0EC796FA-754E-4927-AC04-8ADB4C9BD360}.Release|Any CPU.Build.0 = Release|Any CPU
		{0EC796FA-754E-4927-AC04-8ADB4C9BD360}.Release|x64.ActiveCfg = Release|Any CPU
		{0EC796FA-754E-4927-AC04-8ADB4C9BD360}.Release|x64.Build.0 = Release|Any CPU
		{0EC796FA-754E-4927-AC04-8ADB4C9BD360}.Release|x86.ActiveCfg = Release|Any CPU
		{0EC796FA-754E-4927-AC04-8ADB4C9BD360}.Release|x86.Build.0 = Release|Any CPU
		{03B7DFC0-58AE-4D54-9808-7CF75FA3D233}.Debug|Any CPU.ActiveCfg = Debug|Any CPU
		{03B7DFC0-58AE-4D54-9808-7CF75FA3D233}.Debug|Any CPU.Build.0 = Debug|Any CPU
		{03B7DFC0-58AE-4D54-9808-7CF75FA3D233}.Debug|x64.ActiveCfg = Debug|Any CPU
		{03B7DFC0-58AE-4D54-9808-7CF75FA3D233}.Debug|x64.Build.0 = Debug|Any CPU
		{03B7DFC0-58AE-4D54-9808-7CF75FA3D233}.Debug|x86.ActiveCfg = Debug|Any CPU
		{03B7DFC0-58AE-4D54-9808-7CF75FA3D233}.Debug|x86.Build.0 = Debug|Any CPU
		{03B7DFC0-58AE-4D54-9808-7CF75FA3D233}.Release|Any CPU.ActiveCfg = Release|Any CPU
		{03B7DFC0-58AE-4D54-9808-7CF75FA3D233}.Release|Any CPU.Build.0 = Release|Any CPU
		{03B7DFC0-58AE-4D54-9808-7CF75FA3D233}.Release|x64.ActiveCfg = Release|Any CPU
		{03B7DFC0-58AE-4D54-9808-7CF75FA3D233}.Release|x64.Build.0 = Release|Any CPU
		{03B7DFC0-58AE-4D54-9808-7CF75FA3D233}.Release|x86.ActiveCfg = Release|Any CPU
		{03B7DFC0-58AE-4D54-9808-7CF75FA3D233}.Release|x86.Build.0 = Release|Any CPU
		{59F1084B-A5DE-495E-BBB7-ADC446EC340A}.Debug|Any CPU.ActiveCfg = Debug|Any CPU
		{59F1084B-A5DE-495E-BBB7-ADC446EC340A}.Debug|Any CPU.Build.0 = Debug|Any CPU
		{59F1084B-A5DE-495E-BBB7-ADC446EC340A}.Debug|x64.ActiveCfg = Debug|Any CPU
		{59F1084B-A5DE-495E-BBB7-ADC446EC340A}.Debug|x64.Build.0 = Debug|Any CPU
		{59F1084B-A5DE-495E-BBB7-ADC446EC340A}.Debug|x86.ActiveCfg = Debug|Any CPU
		{59F1084B-A5DE-495E-BBB7-ADC446EC340A}.Debug|x86.Build.0 = Debug|Any CPU
		{59F1084B-A5DE-495E-BBB7-ADC446EC340A}.Release|Any CPU.ActiveCfg = Release|Any CPU
		{59F1084B-A5DE-495E-BBB7-ADC446EC340A}.Release|Any CPU.Build.0 = Release|Any CPU
		{59F1084B-A5DE-495E-BBB7-ADC446EC340A}.Release|x64.ActiveCfg = Release|Any CPU
		{59F1084B-A5DE-495E-BBB7-ADC446EC340A}.Release|x64.Build.0 = Release|Any CPU
		{59F1084B-A5DE-495E-BBB7-ADC446EC340A}.Release|x86.ActiveCfg = Release|Any CPU
		{59F1084B-A5DE-495E-BBB7-ADC446EC340A}.Release|x86.Build.0 = Release|Any CPU
		{20B8DA20-A91E-4171-9BD6-F155D7311371}.Debug|Any CPU.ActiveCfg = Debug|Any CPU
		{20B8DA20-A91E-4171-9BD6-F155D7311371}.Debug|Any CPU.Build.0 = Debug|Any CPU
		{20B8DA20-A91E-4171-9BD6-F155D7311371}.Debug|x64.ActiveCfg = Debug|Any CPU
		{20B8DA20-A91E-4171-9BD6-F155D7311371}.Debug|x64.Build.0 = Debug|Any CPU
		{20B8DA20-A91E-4171-9BD6-F155D7311371}.Debug|x86.ActiveCfg = Debug|Any CPU
		{20B8DA20-A91E-4171-9BD6-F155D7311371}.Debug|x86.Build.0 = Debug|Any CPU
		{20B8DA20-A91E-4171-9BD6-F155D7311371}.Release|Any CPU.ActiveCfg = Release|Any CPU
		{20B8DA20-A91E-4171-9BD6-F155D7311371}.Release|Any CPU.Build.0 = Release|Any CPU
		{20B8DA20-A91E-4171-9BD6-F155D7311371}.Release|x64.ActiveCfg = Release|Any CPU
		{20B8DA20-A91E-4171-9BD6-F155D7311371}.Release|x64.Build.0 = Release|Any CPU
		{20B8DA20-A91E-4171-9BD6-F155D7311371}.Release|x86.ActiveCfg = Release|Any CPU
		{20B8DA20-A91E-4171-9BD6-F155D7311371}.Release|x86.Build.0 = Release|Any CPU
		{18721C95-3128-4E41-B130-E74124AB3C94}.Debug|Any CPU.ActiveCfg = Debug|Any CPU
		{18721C95-3128-4E41-B130-E74124AB3C94}.Debug|Any CPU.Build.0 = Debug|Any CPU
		{18721C95-3128-4E41-B130-E74124AB3C94}.Debug|x64.ActiveCfg = Debug|Any CPU
		{18721C95-3128-4E41-B130-E74124AB3C94}.Debug|x64.Build.0 = Debug|Any CPU
		{18721C95-3128-4E41-B130-E74124AB3C94}.Debug|x86.ActiveCfg = Debug|Any CPU
		{18721C95-3128-4E41-B130-E74124AB3C94}.Debug|x86.Build.0 = Debug|Any CPU
		{18721C95-3128-4E41-B130-E74124AB3C94}.Release|Any CPU.ActiveCfg = Release|Any CPU
		{18721C95-3128-4E41-B130-E74124AB3C94}.Release|Any CPU.Build.0 = Release|Any CPU
		{18721C95-3128-4E41-B130-E74124AB3C94}.Release|x64.ActiveCfg = Release|Any CPU
		{18721C95-3128-4E41-B130-E74124AB3C94}.Release|x64.Build.0 = Release|Any CPU
		{18721C95-3128-4E41-B130-E74124AB3C94}.Release|x86.ActiveCfg = Release|Any CPU
		{18721C95-3128-4E41-B130-E74124AB3C94}.Release|x86.Build.0 = Release|Any CPU
	EndGlobalSection
	GlobalSection(NestedProjects) = preSolution
		{11E9CB54-D507-46ED-953C-F20C755500F0} = {115DEAE9-57ED-4D18-98B5-15C01D3E1653}
		{50929CF6-0475-4F19-BB39-8C31730A480B} = {115DEAE9-57ED-4D18-98B5-15C01D3E1653}
		{6B75EC03-A474-47F9-8D6F-82B65DC133A9} = {115DEAE9-57ED-4D18-98B5-15C01D3E1653}
		{8673D5C0-F9D4-4096-8ADE-27BC1E97AF22} = {115DEAE9-57ED-4D18-98B5-15C01D3E1653}
		{BAD5F9E1-DA18-4E9F-B19E-296D57FDEF78} = {115DEAE9-57ED-4D18-98B5-15C01D3E1653}
		{0EC796FA-754E-4927-AC04-8ADB4C9BD360} = {252682EB-D9B4-47EC-B73F-B801F8C3ED81}
		{03B7DFC0-58AE-4D54-9808-7CF75FA3D233} = {252682EB-D9B4-47EC-B73F-B801F8C3ED81}
		{59F1084B-A5DE-495E-BBB7-ADC446EC340A} = {252682EB-D9B4-47EC-B73F-B801F8C3ED81}
		{20B8DA20-A91E-4171-9BD6-F155D7311371} = {252682EB-D9B4-47EC-B73F-B801F8C3ED81}
		{18721C95-3128-4E41-B130-E74124AB3C94} = {252682EB-D9B4-47EC-B73F-B801F8C3ED81}
	EndGlobalSection
EndGlobal
