
Microsoft Visual Studio Solution File, Format Version 12.00
# Visual Studio Version 16
VisualStudioVersion = 16.6.30114.105
MinimumVisualStudioVersion = 10.0.40219.1
Project("{2150E333-8FDC-42A3-9474-1A3956D46DE8}") = "src", "src", "{115DEAE9-57ED-4D18-98B5-15C01D3E1653}"
EndProject
Project("{FAE04EC0-301F-11D3-BF4B-00C04F79EFBC}") = "Timebox.Application", "src\Timebox.Application\Timebox.Application.csproj", "{50929CF6-0475-4F19-BB39-8C31730A480B}"
EndProject
Project("{FAE04EC0-301F-11D3-BF4B-00C04F79EFBC}") = "Timebox.Application.Interfaces", "src\Timebox.Application.Interfaces\Timebox.Application.Interfaces.csproj", "{6B75EC03-A474-47F9-8D6F-82B65DC133A9}"
EndProject
Project("{FAE04EC0-301F-11D3-BF4B-00C04F79EFBC}") = "Timebox.Domain", "src\Timebox.Domain\Timebox.Domain.csproj", "{8673D5C0-F9D4-4096-8ADE-27BC1E97AF22}"
EndProject
Project("{FAE04EC0-301F-11D3-BF4B-00C04F79EFBC}") = "Timebox.Infrastructure", "src\Timebox.Infrastructure\Timebox.Infrastructure.csproj", "{BAD5F9E1-DA18-4E9F-B19E-296D57FDEF78}"
EndProject
Project("{2150E333-8FDC-42A3-9474-1A3956D46DE8}") = "tests", "tests", "{252682EB-D9B4-47EC-B73F-B801F8C3ED81}"
EndProject
Project("{FAE04EC0-301F-11D3-BF4B-00C04F79EFBC}") = "Timebox.Api.Tests", "tests\Timebox.Api.Tests\Timebox.Api.Tests.csproj", "{0EC796FA-754E-4927-AC04-8ADB4C9BD360}"
EndProject
Project("{FAE04EC0-301F-11D3-BF4B-00C04F79EFBC}") = "Timebox.Application.Tests", "tests\Timebox.Application.Tests\Timebox.Application.Tests.csproj", "{03B7DFC0-58AE-4D54-9808-7CF75FA3D233}"
EndProject
Project("{FAE04EC0-301F-11D3-BF4B-00C04F79EFBC}") = "Timebox.Application.Interfaces.Tests", "tests\Timebox.Application.Interfaces.Tests\Timebox.Application.Interfaces.Tests.csproj", "{59F1084B-A5DE-495E-BBB7-ADC446EC340A}"
EndProject
Project("{FAE04EC0-301F-11D3-BF4B-00C04F79EFBC}") = "Timebox.Domain.Tests", "tests\Timebox.Domain.Tests\Timebox.Domain.Tests.csproj", "{20B8DA20-A91E-4171-9BD6-F155D7311371}"
EndProject
Project("{FAE04EC0-301F-11D3-BF4B-00C04F79EFBC}") = "Timebox.Infrastructure.Tests", "tests\Timebox.Infrastructure.Tests\Timebox.Infrastructure.Tests.csproj", "{18721C95-3128-4E41-B130-E74124AB3C94}"
EndProject
Project("{2150E333-8FDC-42A3-9474-1A3956D46DE8}") = "Modules", "Modules", "{40223B2F-10A0-4580-9206-E5E8B437D240}"
EndProject
Project("{2150E333-8FDC-42A3-9474-1A3956D46DE8}") = "Schedule", "Schedule", "{6625A6C1-296D-4091-9DD8-C851062BB5CE}"
EndProject
Project("{2150E333-8FDC-42A3-9474-1A3956D46DE8}") = "src", "src", "{4F5AECDF-3E60-4476-9A10-9B99E34D7E3D}"
EndProject
Project("{2150E333-8FDC-42A3-9474-1A3956D46DE8}") = "tests", "tests", "{F715FFF2-8626-41ED-9538-5C373072A59E}"
EndProject
Project("{FAE04EC0-301F-11D3-BF4B-00C04F79EFBC}") = "Timebox.Schedule.Infrastructure", "Modules\Schedule\src\Timebox.Schedule.Infrastructure\Timebox.Schedule.Infrastructure.csproj", "{41161FED-8E48-4244-97DE-A5878160BDDF}"
EndProject
Project("{FAE04EC0-301F-11D3-BF4B-00C04F79EFBC}") = "Timebox.Schedule.Domain", "Modules\Schedule\src\Timebox.Schedule.Domain\Timebox.Schedule.Domain.csproj", "{53BED05F-DF2C-49FD-B4BB-5C31D6843959}"
EndProject
Project("{FAE04EC0-301F-11D3-BF4B-00C04F79EFBC}") = "Timebox.Schedule.Application.Interfaces", "Modules\Schedule\src\Timebox.Schedule.Application.Interfaces\Timebox.Schedule.Application.Interfaces.csproj", "{1F5C5C0E-90F1-4E73-9C6F-8F063606D448}"
EndProject
Project("{FAE04EC0-301F-11D3-BF4B-00C04F79EFBC}") = "Timebox.Schedule.Application", "Modules\Schedule\src\Timebox.Schedule.Application\Timebox.Schedule.Application.csproj", "{6B1DB742-8F30-435A-AF6B-D233D28156A2}"
EndProject
Project("{FAE04EC0-301F-11D3-BF4B-00C04F79EFBC}") = "Timebox.Schedule.Api", "Modules\Schedule\src\Timebox.Schedule.Api\Timebox.Schedule.Api.csproj", "{BF800445-2FD9-4B76-AB0C-2405FDA8899E}"
EndProject
Project("{FAE04EC0-301F-11D3-BF4B-00C04F79EFBC}") = "Timebox.Schedule.Api.Tests", "Modules\Schedule\tests\Timebox.Schedule.Api.Tests\Timebox.Schedule.Api.Tests.csproj", "{A1128274-EB66-4B7C-BC2D-5A3DFCB04691}"
EndProject
Project("{FAE04EC0-301F-11D3-BF4B-00C04F79EFBC}") = "Timebox.Schedule.Application.Interfaces.Tests", "Modules\Schedule\tests\Timebox.Schedule.Application.Interfaces.Tests\Timebox.Schedule.Application.Interfaces.Tests.csproj", "{070D9692-5425-4F74-AD07-E92777743529}"
EndProject
Project("{FAE04EC0-301F-11D3-BF4B-00C04F79EFBC}") = "Timebox.Schedule.Application.Tests", "Modules\Schedule\tests\Timebox.Schedule.Application.Tests\Timebox.Schedule.Application.Tests.csproj", "{A2CB30BF-AFEA-44AB-9FCD-B3C71B71FC9B}"
EndProject
Project("{FAE04EC0-301F-11D3-BF4B-00C04F79EFBC}") = "Timebox.Schedule.Domain.Tests", "Modules\Schedule\tests\Timebox.Schedule.Domain.Tests\Timebox.Schedule.Domain.Tests.csproj", "{2C9C67A1-B0E4-442A-A6FD-180C4EB0E845}"
EndProject
Project("{FAE04EC0-301F-11D3-BF4B-00C04F79EFBC}") = "Timebox.Schedule.Infrastructure.Tests", "Modules\Schedule\tests\Timebox.Schedule.Infrastructure.Tests\Timebox.Schedule.Infrastructure.Tests.csproj", "{0F8E8FF4-982C-44C4-A293-D8E329446175}"
EndProject
Project("{FAE04EC0-301F-11D3-BF4B-00C04F79EFBC}") = "Timebox.Api", "src\Timebox.Api\Timebox.Api.csproj", "{EA54BCE8-BEAD-4B5F-97F5-F4D31EB0DF8B}"
EndProject
Project("{2150E333-8FDC-42A3-9474-1A3956D46DE8}") = "Task", "Task", "{38941AE1-A0EE-40E9-A18C-4734F34D5531}"
EndProject
Project("{2150E333-8FDC-42A3-9474-1A3956D46DE8}") = "src", "src", "{FEE094A6-A855-4F84-8E79-9F36E22205B0}"
EndProject
Project("{FAE04EC0-301F-11D3-BF4B-00C04F79EFBC}") = "Timebox.Task.Api", "Modules\Task\src\Timebox.Task.Api\Timebox.Task.Api.csproj", "{33059599-4D87-4097-8BEB-2DDBEF927217}"
EndProject
Project("{FAE04EC0-301F-11D3-BF4B-00C04F79EFBC}") = "Timebox.Task.Application", "Modules\Task\src\Timebox.Task.Application\Timebox.Task.Application.csproj", "{A27266BF-2160-485E-AA4F-C696FD2AD2FD}"
EndProject
Project("{FAE04EC0-301F-11D3-BF4B-00C04F79EFBC}") = "Timebox.Task.Application.Interfaces", "Modules\Task\src\Timebox.Task.Application.Interfaces\Timebox.Task.Application.Interfaces.csproj", "{C1001314-D797-4546-A90F-CEF6763EAE73}"
EndProject
Project("{FAE04EC0-301F-11D3-BF4B-00C04F79EFBC}") = "Timebox.Task.Domain", "Modules\Task\src\Timebox.Task.Domain\Timebox.Task.Domain.csproj", "{D4C3D606-BF93-449D-AE88-F25D35EF29DD}"
EndProject
Project("{FAE04EC0-301F-11D3-BF4B-00C04F79EFBC}") = "Timebox.Task.Infrastructure", "Modules\Task\src\Timebox.Task.Infrastructure\Timebox.Task.Infrastructure.csproj", "{88C35EB6-CBD9-4737-B9F9-AA853978D933}"
EndProject
Project("{2150E333-8FDC-42A3-9474-1A3956D46DE8}") = "tests", "tests", "{44E21018-39C0-408A-BAD7-567AA1D01E2C}"
EndProject
Project("{FAE04EC0-301F-11D3-BF4B-00C04F79EFBC}") = "Timebox.Task.Api.Tests", "Modules\Task\tests\Timebox.Task.Api.Tests\Timebox.Task.Api.Tests.csproj", "{EDFB2D73-B69C-4E87-8ACB-F3533F9E7EBB}"
EndProject
Project("{FAE04EC0-301F-11D3-BF4B-00C04F79EFBC}") = "Timebox.Task.Application.Tests", "Modules\Task\tests\Timebox.Task.Application.Tests\Timebox.Task.Application.Tests.csproj", "{6763E139-635E-489A-8A77-89BCD752FBEB}"
EndProject
Project("{FAE04EC0-301F-11D3-BF4B-00C04F79EFBC}") = "Timebox.Task.Application.Interfaces.Tests", "Modules\Task\tests\Timebox.Task.Application.Interfaces.Tests\Timebox.Task.Application.Interfaces.Tests.csproj", "{4EE320D2-2E70-496B-AEF5-5CD2F8D4398A}"
EndProject
Project("{FAE04EC0-301F-11D3-BF4B-00C04F79EFBC}") = "Timebox.Task.Domain.Tests", "Modules\Task\tests\Timebox.Task.Domain.Tests\Timebox.Task.Domain.Tests.csproj", "{D34669B0-8AAC-4BEB-9CE2-B27C6A8A3057}"
EndProject
Project("{FAE04EC0-301F-11D3-BF4B-00C04F79EFBC}") = "Timebox.Task.Infrastructure.Tests", "Modules\Task\tests\Timebox.Task.Infrastructure.Tests\Timebox.Task.Infrastructure.Tests.csproj", "{A802AFD9-0F3A-4276-B790-9102AAA49687}"
EndProject
Global
	GlobalSection(SolutionConfigurationPlatforms) = preSolution
		Debug|Any CPU = Debug|Any CPU
		Debug|x64 = Debug|x64
		Debug|x86 = Debug|x86
		Release|Any CPU = Release|Any CPU
		Release|x64 = Release|x64
		Release|x86 = Release|x86
	EndGlobalSection
	GlobalSection(SolutionProperties) = preSolution
		HideSolutionNode = FALSE
	EndGlobalSection
	GlobalSection(ProjectConfigurationPlatforms) = postSolution
		{50929CF6-0475-4F19-BB39-8C31730A480B}.Debug|Any CPU.ActiveCfg = Debug|Any CPU
		{50929CF6-0475-4F19-BB39-8C31730A480B}.Debug|Any CPU.Build.0 = Debug|Any CPU
		{50929CF6-0475-4F19-BB39-8C31730A480B}.Debug|x64.ActiveCfg = Debug|Any CPU
		{50929CF6-0475-4F19-BB39-8C31730A480B}.Debug|x64.Build.0 = Debug|Any CPU
		{50929CF6-0475-4F19-BB39-8C31730A480B}.Debug|x86.ActiveCfg = Debug|Any CPU
		{50929CF6-0475-4F19-BB39-8C31730A480B}.Debug|x86.Build.0 = Debug|Any CPU
		{50929CF6-0475-4F19-BB39-8C31730A480B}.Release|Any CPU.ActiveCfg = Release|Any CPU
		{50929CF6-0475-4F19-BB39-8C31730A480B}.Release|Any CPU.Build.0 = Release|Any CPU
		{50929CF6-0475-4F19-BB39-8C31730A480B}.Release|x64.ActiveCfg = Release|Any CPU
		{50929CF6-0475-4F19-BB39-8C31730A480B}.Release|x64.Build.0 = Release|Any CPU
		{50929CF6-0475-4F19-BB39-8C31730A480B}.Release|x86.ActiveCfg = Release|Any CPU
		{50929CF6-0475-4F19-BB39-8C31730A480B}.Release|x86.Build.0 = Release|Any CPU
		{6B75EC03-A474-47F9-8D6F-82B65DC133A9}.Debug|Any CPU.ActiveCfg = Debug|Any CPU
		{6B75EC03-A474-47F9-8D6F-82B65DC133A9}.Debug|Any CPU.Build.0 = Debug|Any CPU
		{6B75EC03-A474-47F9-8D6F-82B65DC133A9}.Debug|x64.ActiveCfg = Debug|Any CPU
		{6B75EC03-A474-47F9-8D6F-82B65DC133A9}.Debug|x64.Build.0 = Debug|Any CPU
		{6B75EC03-A474-47F9-8D6F-82B65DC133A9}.Debug|x86.ActiveCfg = Debug|Any CPU
		{6B75EC03-A474-47F9-8D6F-82B65DC133A9}.Debug|x86.Build.0 = Debug|Any CPU
		{6B75EC03-A474-47F9-8D6F-82B65DC133A9}.Release|Any CPU.ActiveCfg = Release|Any CPU
		{6B75EC03-A474-47F9-8D6F-82B65DC133A9}.Release|Any CPU.Build.0 = Release|Any CPU
		{6B75EC03-A474-47F9-8D6F-82B65DC133A9}.Release|x64.ActiveCfg = Release|Any CPU
		{6B75EC03-A474-47F9-8D6F-82B65DC133A9}.Release|x64.Build.0 = Release|Any CPU
		{6B75EC03-A474-47F9-8D6F-82B65DC133A9}.Release|x86.ActiveCfg = Release|Any CPU
		{6B75EC03-A474-47F9-8D6F-82B65DC133A9}.Release|x86.Build.0 = Release|Any CPU
		{8673D5C0-F9D4-4096-8ADE-27BC1E97AF22}.Debug|Any CPU.ActiveCfg = Debug|Any CPU
		{8673D5C0-F9D4-4096-8ADE-27BC1E97AF22}.Debug|Any CPU.Build.0 = Debug|Any CPU
		{8673D5C0-F9D4-4096-8ADE-27BC1E97AF22}.Debug|x64.ActiveCfg = Debug|Any CPU
		{8673D5C0-F9D4-4096-8ADE-27BC1E97AF22}.Debug|x64.Build.0 = Debug|Any CPU
		{8673D5C0-F9D4-4096-8ADE-27BC1E97AF22}.Debug|x86.ActiveCfg = Debug|Any CPU
		{8673D5C0-F9D4-4096-8ADE-27BC1E97AF22}.Debug|x86.Build.0 = Debug|Any CPU
		{8673D5C0-F9D4-4096-8ADE-27BC1E97AF22}.Release|Any CPU.ActiveCfg = Release|Any CPU
		{8673D5C0-F9D4-4096-8ADE-27BC1E97AF22}.Release|Any CPU.Build.0 = Release|Any CPU
		{8673D5C0-F9D4-4096-8ADE-27BC1E97AF22}.Release|x64.ActiveCfg = Release|Any CPU
		{8673D5C0-F9D4-4096-8ADE-27BC1E97AF22}.Release|x64.Build.0 = Release|Any CPU
		{8673D5C0-F9D4-4096-8ADE-27BC1E97AF22}.Release|x86.ActiveCfg = Release|Any CPU
		{8673D5C0-F9D4-4096-8ADE-27BC1E97AF22}.Release|x86.Build.0 = Release|Any CPU
		{BAD5F9E1-DA18-4E9F-B19E-296D57FDEF78}.Debug|Any CPU.ActiveCfg = Debug|Any CPU
		{BAD5F9E1-DA18-4E9F-B19E-296D57FDEF78}.Debug|Any CPU.Build.0 = Debug|Any CPU
		{BAD5F9E1-DA18-4E9F-B19E-296D57FDEF78}.Debug|x64.ActiveCfg = Debug|Any CPU
		{BAD5F9E1-DA18-4E9F-B19E-296D57FDEF78}.Debug|x64.Build.0 = Debug|Any CPU
		{BAD5F9E1-DA18-4E9F-B19E-296D57FDEF78}.Debug|x86.ActiveCfg = Debug|Any CPU
		{BAD5F9E1-DA18-4E9F-B19E-296D57FDEF78}.Debug|x86.Build.0 = Debug|Any CPU
		{BAD5F9E1-DA18-4E9F-B19E-296D57FDEF78}.Release|Any CPU.ActiveCfg = Release|Any CPU
		{BAD5F9E1-DA18-4E9F-B19E-296D57FDEF78}.Release|Any CPU.Build.0 = Release|Any CPU
		{BAD5F9E1-DA18-4E9F-B19E-296D57FDEF78}.Release|x64.ActiveCfg = Release|Any CPU
		{BAD5F9E1-DA18-4E9F-B19E-296D57FDEF78}.Release|x64.Build.0 = Release|Any CPU
		{BAD5F9E1-DA18-4E9F-B19E-296D57FDEF78}.Release|x86.ActiveCfg = Release|Any CPU
		{BAD5F9E1-DA18-4E9F-B19E-296D57FDEF78}.Release|x86.Build.0 = Release|Any CPU
		{0EC796FA-754E-4927-AC04-8ADB4C9BD360}.Debug|Any CPU.ActiveCfg = Debug|Any CPU
		{0EC796FA-754E-4927-AC04-8ADB4C9BD360}.Debug|Any CPU.Build.0 = Debug|Any CPU
		{0EC796FA-754E-4927-AC04-8ADB4C9BD360}.Debug|x64.ActiveCfg = Debug|Any CPU
		{0EC796FA-754E-4927-AC04-8ADB4C9BD360}.Debug|x64.Build.0 = Debug|Any CPU
		{0EC796FA-754E-4927-AC04-8ADB4C9BD360}.Debug|x86.ActiveCfg = Debug|Any CPU
		{0EC796FA-754E-4927-AC04-8ADB4C9BD360}.Debug|x86.Build.0 = Debug|Any CPU
		{0EC796FA-754E-4927-AC04-8ADB4C9BD360}.Release|Any CPU.ActiveCfg = Release|Any CPU
		{0EC796FA-754E-4927-AC04-8ADB4C9BD360}.Release|Any CPU.Build.0 = Release|Any CPU
		{0EC796FA-754E-4927-AC04-8ADB4C9BD360}.Release|x64.ActiveCfg = Release|Any CPU
		{0EC796FA-754E-4927-AC04-8ADB4C9BD360}.Release|x64.Build.0 = Release|Any CPU
		{0EC796FA-754E-4927-AC04-8ADB4C9BD360}.Release|x86.ActiveCfg = Release|Any CPU
		{0EC796FA-754E-4927-AC04-8ADB4C9BD360}.Release|x86.Build.0 = Release|Any CPU
		{03B7DFC0-58AE-4D54-9808-7CF75FA3D233}.Debug|Any CPU.ActiveCfg = Debug|Any CPU
		{03B7DFC0-58AE-4D54-9808-7CF75FA3D233}.Debug|Any CPU.Build.0 = Debug|Any CPU
		{03B7DFC0-58AE-4D54-9808-7CF75FA3D233}.Debug|x64.ActiveCfg = Debug|Any CPU
		{03B7DFC0-58AE-4D54-9808-7CF75FA3D233}.Debug|x64.Build.0 = Debug|Any CPU
		{03B7DFC0-58AE-4D54-9808-7CF75FA3D233}.Debug|x86.ActiveCfg = Debug|Any CPU
		{03B7DFC0-58AE-4D54-9808-7CF75FA3D233}.Debug|x86.Build.0 = Debug|Any CPU
		{03B7DFC0-58AE-4D54-9808-7CF75FA3D233}.Release|Any CPU.ActiveCfg = Release|Any CPU
		{03B7DFC0-58AE-4D54-9808-7CF75FA3D233}.Release|Any CPU.Build.0 = Release|Any CPU
		{03B7DFC0-58AE-4D54-9808-7CF75FA3D233}.Release|x64.ActiveCfg = Release|Any CPU
		{03B7DFC0-58AE-4D54-9808-7CF75FA3D233}.Release|x64.Build.0 = Release|Any CPU
		{03B7DFC0-58AE-4D54-9808-7CF75FA3D233}.Release|x86.ActiveCfg = Release|Any CPU
		{03B7DFC0-58AE-4D54-9808-7CF75FA3D233}.Release|x86.Build.0 = Release|Any CPU
		{59F1084B-A5DE-495E-BBB7-ADC446EC340A}.Debug|Any CPU.ActiveCfg = Debug|Any CPU
		{59F1084B-A5DE-495E-BBB7-ADC446EC340A}.Debug|Any CPU.Build.0 = Debug|Any CPU
		{59F1084B-A5DE-495E-BBB7-ADC446EC340A}.Debug|x64.ActiveCfg = Debug|Any CPU
		{59F1084B-A5DE-495E-BBB7-ADC446EC340A}.Debug|x64.Build.0 = Debug|Any CPU
		{59F1084B-A5DE-495E-BBB7-ADC446EC340A}.Debug|x86.ActiveCfg = Debug|Any CPU
		{59F1084B-A5DE-495E-BBB7-ADC446EC340A}.Debug|x86.Build.0 = Debug|Any CPU
		{59F1084B-A5DE-495E-BBB7-ADC446EC340A}.Release|Any CPU.ActiveCfg = Release|Any CPU
		{59F1084B-A5DE-495E-BBB7-ADC446EC340A}.Release|Any CPU.Build.0 = Release|Any CPU
		{59F1084B-A5DE-495E-BBB7-ADC446EC340A}.Release|x64.ActiveCfg = Release|Any CPU
		{59F1084B-A5DE-495E-BBB7-ADC446EC340A}.Release|x64.Build.0 = Release|Any CPU
		{59F1084B-A5DE-495E-BBB7-ADC446EC340A}.Release|x86.ActiveCfg = Release|Any CPU
		{59F1084B-A5DE-495E-BBB7-ADC446EC340A}.Release|x86.Build.0 = Release|Any CPU
		{20B8DA20-A91E-4171-9BD6-F155D7311371}.Debug|Any CPU.ActiveCfg = Debug|Any CPU
		{20B8DA20-A91E-4171-9BD6-F155D7311371}.Debug|Any CPU.Build.0 = Debug|Any CPU
		{20B8DA20-A91E-4171-9BD6-F155D7311371}.Debug|x64.ActiveCfg = Debug|Any CPU
		{20B8DA20-A91E-4171-9BD6-F155D7311371}.Debug|x64.Build.0 = Debug|Any CPU
		{20B8DA20-A91E-4171-9BD6-F155D7311371}.Debug|x86.ActiveCfg = Debug|Any CPU
		{20B8DA20-A91E-4171-9BD6-F155D7311371}.Debug|x86.Build.0 = Debug|Any CPU
		{20B8DA20-A91E-4171-9BD6-F155D7311371}.Release|Any CPU.ActiveCfg = Release|Any CPU
		{20B8DA20-A91E-4171-9BD6-F155D7311371}.Release|Any CPU.Build.0 = Release|Any CPU
		{20B8DA20-A91E-4171-9BD6-F155D7311371}.Release|x64.ActiveCfg = Release|Any CPU
		{20B8DA20-A91E-4171-9BD6-F155D7311371}.Release|x64.Build.0 = Release|Any CPU
		{20B8DA20-A91E-4171-9BD6-F155D7311371}.Release|x86.ActiveCfg = Release|Any CPU
		{20B8DA20-A91E-4171-9BD6-F155D7311371}.Release|x86.Build.0 = Release|Any CPU
		{18721C95-3128-4E41-B130-E74124AB3C94}.Debug|Any CPU.ActiveCfg = Debug|Any CPU
		{18721C95-3128-4E41-B130-E74124AB3C94}.Debug|Any CPU.Build.0 = Debug|Any CPU
		{18721C95-3128-4E41-B130-E74124AB3C94}.Debug|x64.ActiveCfg = Debug|Any CPU
		{18721C95-3128-4E41-B130-E74124AB3C94}.Debug|x64.Build.0 = Debug|Any CPU
		{18721C95-3128-4E41-B130-E74124AB3C94}.Debug|x86.ActiveCfg = Debug|Any CPU
		{18721C95-3128-4E41-B130-E74124AB3C94}.Debug|x86.Build.0 = Debug|Any CPU
		{18721C95-3128-4E41-B130-E74124AB3C94}.Release|Any CPU.ActiveCfg = Release|Any CPU
		{18721C95-3128-4E41-B130-E74124AB3C94}.Release|Any CPU.Build.0 = Release|Any CPU
		{18721C95-3128-4E41-B130-E74124AB3C94}.Release|x64.ActiveCfg = Release|Any CPU
		{18721C95-3128-4E41-B130-E74124AB3C94}.Release|x64.Build.0 = Release|Any CPU
		{18721C95-3128-4E41-B130-E74124AB3C94}.Release|x86.ActiveCfg = Release|Any CPU
		{18721C95-3128-4E41-B130-E74124AB3C94}.Release|x86.Build.0 = Release|Any CPU
		{41161FED-8E48-4244-97DE-A5878160BDDF}.Debug|Any CPU.ActiveCfg = Debug|Any CPU
		{41161FED-8E48-4244-97DE-A5878160BDDF}.Debug|Any CPU.Build.0 = Debug|Any CPU
		{41161FED-8E48-4244-97DE-A5878160BDDF}.Debug|x64.ActiveCfg = Debug|Any CPU
		{41161FED-8E48-4244-97DE-A5878160BDDF}.Debug|x64.Build.0 = Debug|Any CPU
		{41161FED-8E48-4244-97DE-A5878160BDDF}.Debug|x86.ActiveCfg = Debug|Any CPU
		{41161FED-8E48-4244-97DE-A5878160BDDF}.Debug|x86.Build.0 = Debug|Any CPU
		{41161FED-8E48-4244-97DE-A5878160BDDF}.Release|Any CPU.ActiveCfg = Release|Any CPU
		{41161FED-8E48-4244-97DE-A5878160BDDF}.Release|Any CPU.Build.0 = Release|Any CPU
		{41161FED-8E48-4244-97DE-A5878160BDDF}.Release|x64.ActiveCfg = Release|Any CPU
		{41161FED-8E48-4244-97DE-A5878160BDDF}.Release|x64.Build.0 = Release|Any CPU
		{41161FED-8E48-4244-97DE-A5878160BDDF}.Release|x86.ActiveCfg = Release|Any CPU
		{41161FED-8E48-4244-97DE-A5878160BDDF}.Release|x86.Build.0 = Release|Any CPU
		{53BED05F-DF2C-49FD-B4BB-5C31D6843959}.Debug|Any CPU.ActiveCfg = Debug|Any CPU
		{53BED05F-DF2C-49FD-B4BB-5C31D6843959}.Debug|Any CPU.Build.0 = Debug|Any CPU
		{53BED05F-DF2C-49FD-B4BB-5C31D6843959}.Debug|x64.ActiveCfg = Debug|Any CPU
		{53BED05F-DF2C-49FD-B4BB-5C31D6843959}.Debug|x64.Build.0 = Debug|Any CPU
		{53BED05F-DF2C-49FD-B4BB-5C31D6843959}.Debug|x86.ActiveCfg = Debug|Any CPU
		{53BED05F-DF2C-49FD-B4BB-5C31D6843959}.Debug|x86.Build.0 = Debug|Any CPU
		{53BED05F-DF2C-49FD-B4BB-5C31D6843959}.Release|Any CPU.ActiveCfg = Release|Any CPU
		{53BED05F-DF2C-49FD-B4BB-5C31D6843959}.Release|Any CPU.Build.0 = Release|Any CPU
		{53BED05F-DF2C-49FD-B4BB-5C31D6843959}.Release|x64.ActiveCfg = Release|Any CPU
		{53BED05F-DF2C-49FD-B4BB-5C31D6843959}.Release|x64.Build.0 = Release|Any CPU
		{53BED05F-DF2C-49FD-B4BB-5C31D6843959}.Release|x86.ActiveCfg = Release|Any CPU
		{53BED05F-DF2C-49FD-B4BB-5C31D6843959}.Release|x86.Build.0 = Release|Any CPU
		{1F5C5C0E-90F1-4E73-9C6F-8F063606D448}.Debug|Any CPU.ActiveCfg = Debug|Any CPU
		{1F5C5C0E-90F1-4E73-9C6F-8F063606D448}.Debug|Any CPU.Build.0 = Debug|Any CPU
		{1F5C5C0E-90F1-4E73-9C6F-8F063606D448}.Debug|x64.ActiveCfg = Debug|Any CPU
		{1F5C5C0E-90F1-4E73-9C6F-8F063606D448}.Debug|x64.Build.0 = Debug|Any CPU
		{1F5C5C0E-90F1-4E73-9C6F-8F063606D448}.Debug|x86.ActiveCfg = Debug|Any CPU
		{1F5C5C0E-90F1-4E73-9C6F-8F063606D448}.Debug|x86.Build.0 = Debug|Any CPU
		{1F5C5C0E-90F1-4E73-9C6F-8F063606D448}.Release|Any CPU.ActiveCfg = Release|Any CPU
		{1F5C5C0E-90F1-4E73-9C6F-8F063606D448}.Release|Any CPU.Build.0 = Release|Any CPU
		{1F5C5C0E-90F1-4E73-9C6F-8F063606D448}.Release|x64.ActiveCfg = Release|Any CPU
		{1F5C5C0E-90F1-4E73-9C6F-8F063606D448}.Release|x64.Build.0 = Release|Any CPU
		{1F5C5C0E-90F1-4E73-9C6F-8F063606D448}.Release|x86.ActiveCfg = Release|Any CPU
		{1F5C5C0E-90F1-4E73-9C6F-8F063606D448}.Release|x86.Build.0 = Release|Any CPU
		{6B1DB742-8F30-435A-AF6B-D233D28156A2}.Debug|Any CPU.ActiveCfg = Debug|Any CPU
		{6B1DB742-8F30-435A-AF6B-D233D28156A2}.Debug|Any CPU.Build.0 = Debug|Any CPU
		{6B1DB742-8F30-435A-AF6B-D233D28156A2}.Debug|x64.ActiveCfg = Debug|Any CPU
		{6B1DB742-8F30-435A-AF6B-D233D28156A2}.Debug|x64.Build.0 = Debug|Any CPU
		{6B1DB742-8F30-435A-AF6B-D233D28156A2}.Debug|x86.ActiveCfg = Debug|Any CPU
		{6B1DB742-8F30-435A-AF6B-D233D28156A2}.Debug|x86.Build.0 = Debug|Any CPU
		{6B1DB742-8F30-435A-AF6B-D233D28156A2}.Release|Any CPU.ActiveCfg = Release|Any CPU
		{6B1DB742-8F30-435A-AF6B-D233D28156A2}.Release|Any CPU.Build.0 = Release|Any CPU
		{6B1DB742-8F30-435A-AF6B-D233D28156A2}.Release|x64.ActiveCfg = Release|Any CPU
		{6B1DB742-8F30-435A-AF6B-D233D28156A2}.Release|x64.Build.0 = Release|Any CPU
		{6B1DB742-8F30-435A-AF6B-D233D28156A2}.Release|x86.ActiveCfg = Release|Any CPU
		{6B1DB742-8F30-435A-AF6B-D233D28156A2}.Release|x86.Build.0 = Release|Any CPU
		{BF800445-2FD9-4B76-AB0C-2405FDA8899E}.Debug|Any CPU.ActiveCfg = Debug|Any CPU
		{BF800445-2FD9-4B76-AB0C-2405FDA8899E}.Debug|Any CPU.Build.0 = Debug|Any CPU
		{BF800445-2FD9-4B76-AB0C-2405FDA8899E}.Debug|x64.ActiveCfg = Debug|Any CPU
		{BF800445-2FD9-4B76-AB0C-2405FDA8899E}.Debug|x64.Build.0 = Debug|Any CPU
		{BF800445-2FD9-4B76-AB0C-2405FDA8899E}.Debug|x86.ActiveCfg = Debug|Any CPU
		{BF800445-2FD9-4B76-AB0C-2405FDA8899E}.Debug|x86.Build.0 = Debug|Any CPU
		{BF800445-2FD9-4B76-AB0C-2405FDA8899E}.Release|Any CPU.ActiveCfg = Release|Any CPU
		{BF800445-2FD9-4B76-AB0C-2405FDA8899E}.Release|Any CPU.Build.0 = Release|Any CPU
		{BF800445-2FD9-4B76-AB0C-2405FDA8899E}.Release|x64.ActiveCfg = Release|Any CPU
		{BF800445-2FD9-4B76-AB0C-2405FDA8899E}.Release|x64.Build.0 = Release|Any CPU
		{BF800445-2FD9-4B76-AB0C-2405FDA8899E}.Release|x86.ActiveCfg = Release|Any CPU
		{BF800445-2FD9-4B76-AB0C-2405FDA8899E}.Release|x86.Build.0 = Release|Any CPU
		{A1128274-EB66-4B7C-BC2D-5A3DFCB04691}.Debug|Any CPU.ActiveCfg = Debug|Any CPU
		{A1128274-EB66-4B7C-BC2D-5A3DFCB04691}.Debug|Any CPU.Build.0 = Debug|Any CPU
		{A1128274-EB66-4B7C-BC2D-5A3DFCB04691}.Debug|x64.ActiveCfg = Debug|Any CPU
		{A1128274-EB66-4B7C-BC2D-5A3DFCB04691}.Debug|x64.Build.0 = Debug|Any CPU
		{A1128274-EB66-4B7C-BC2D-5A3DFCB04691}.Debug|x86.ActiveCfg = Debug|Any CPU
		{A1128274-EB66-4B7C-BC2D-5A3DFCB04691}.Debug|x86.Build.0 = Debug|Any CPU
		{A1128274-EB66-4B7C-BC2D-5A3DFCB04691}.Release|Any CPU.ActiveCfg = Release|Any CPU
		{A1128274-EB66-4B7C-BC2D-5A3DFCB04691}.Release|Any CPU.Build.0 = Release|Any CPU
		{A1128274-EB66-4B7C-BC2D-5A3DFCB04691}.Release|x64.ActiveCfg = Release|Any CPU
		{A1128274-EB66-4B7C-BC2D-5A3DFCB04691}.Release|x64.Build.0 = Release|Any CPU
		{A1128274-EB66-4B7C-BC2D-5A3DFCB04691}.Release|x86.ActiveCfg = Release|Any CPU
		{A1128274-EB66-4B7C-BC2D-5A3DFCB04691}.Release|x86.Build.0 = Release|Any CPU
		{070D9692-5425-4F74-AD07-E92777743529}.Debug|Any CPU.ActiveCfg = Debug|Any CPU
		{070D9692-5425-4F74-AD07-E92777743529}.Debug|Any CPU.Build.0 = Debug|Any CPU
		{070D9692-5425-4F74-AD07-E92777743529}.Debug|x64.ActiveCfg = Debug|Any CPU
		{070D9692-5425-4F74-AD07-E92777743529}.Debug|x64.Build.0 = Debug|Any CPU
		{070D9692-5425-4F74-AD07-E92777743529}.Debug|x86.ActiveCfg = Debug|Any CPU
		{070D9692-5425-4F74-AD07-E92777743529}.Debug|x86.Build.0 = Debug|Any CPU
		{070D9692-5425-4F74-AD07-E92777743529}.Release|Any CPU.ActiveCfg = Release|Any CPU
		{070D9692-5425-4F74-AD07-E92777743529}.Release|Any CPU.Build.0 = Release|Any CPU
		{070D9692-5425-4F74-AD07-E92777743529}.Release|x64.ActiveCfg = Release|Any CPU
		{070D9692-5425-4F74-AD07-E92777743529}.Release|x64.Build.0 = Release|Any CPU
		{070D9692-5425-4F74-AD07-E92777743529}.Release|x86.ActiveCfg = Release|Any CPU
		{070D9692-5425-4F74-AD07-E92777743529}.Release|x86.Build.0 = Release|Any CPU
		{A2CB30BF-AFEA-44AB-9FCD-B3C71B71FC9B}.Debug|Any CPU.ActiveCfg = Debug|Any CPU
		{A2CB30BF-AFEA-44AB-9FCD-B3C71B71FC9B}.Debug|Any CPU.Build.0 = Debug|Any CPU
		{A2CB30BF-AFEA-44AB-9FCD-B3C71B71FC9B}.Debug|x64.ActiveCfg = Debug|Any CPU
		{A2CB30BF-AFEA-44AB-9FCD-B3C71B71FC9B}.Debug|x64.Build.0 = Debug|Any CPU
		{A2CB30BF-AFEA-44AB-9FCD-B3C71B71FC9B}.Debug|x86.ActiveCfg = Debug|Any CPU
		{A2CB30BF-AFEA-44AB-9FCD-B3C71B71FC9B}.Debug|x86.Build.0 = Debug|Any CPU
		{A2CB30BF-AFEA-44AB-9FCD-B3C71B71FC9B}.Release|Any CPU.ActiveCfg = Release|Any CPU
		{A2CB30BF-AFEA-44AB-9FCD-B3C71B71FC9B}.Release|Any CPU.Build.0 = Release|Any CPU
		{A2CB30BF-AFEA-44AB-9FCD-B3C71B71FC9B}.Release|x64.ActiveCfg = Release|Any CPU
		{A2CB30BF-AFEA-44AB-9FCD-B3C71B71FC9B}.Release|x64.Build.0 = Release|Any CPU
		{A2CB30BF-AFEA-44AB-9FCD-B3C71B71FC9B}.Release|x86.ActiveCfg = Release|Any CPU
		{A2CB30BF-AFEA-44AB-9FCD-B3C71B71FC9B}.Release|x86.Build.0 = Release|Any CPU
		{2C9C67A1-B0E4-442A-A6FD-180C4EB0E845}.Debug|Any CPU.ActiveCfg = Debug|Any CPU
		{2C9C67A1-B0E4-442A-A6FD-180C4EB0E845}.Debug|Any CPU.Build.0 = Debug|Any CPU
		{2C9C67A1-B0E4-442A-A6FD-180C4EB0E845}.Debug|x64.ActiveCfg = Debug|Any CPU
		{2C9C67A1-B0E4-442A-A6FD-180C4EB0E845}.Debug|x64.Build.0 = Debug|Any CPU
		{2C9C67A1-B0E4-442A-A6FD-180C4EB0E845}.Debug|x86.ActiveCfg = Debug|Any CPU
		{2C9C67A1-B0E4-442A-A6FD-180C4EB0E845}.Debug|x86.Build.0 = Debug|Any CPU
		{2C9C67A1-B0E4-442A-A6FD-180C4EB0E845}.Release|Any CPU.ActiveCfg = Release|Any CPU
		{2C9C67A1-B0E4-442A-A6FD-180C4EB0E845}.Release|Any CPU.Build.0 = Release|Any CPU
		{2C9C67A1-B0E4-442A-A6FD-180C4EB0E845}.Release|x64.ActiveCfg = Release|Any CPU
		{2C9C67A1-B0E4-442A-A6FD-180C4EB0E845}.Release|x64.Build.0 = Release|Any CPU
		{2C9C67A1-B0E4-442A-A6FD-180C4EB0E845}.Release|x86.ActiveCfg = Release|Any CPU
		{2C9C67A1-B0E4-442A-A6FD-180C4EB0E845}.Release|x86.Build.0 = Release|Any CPU
		{0F8E8FF4-982C-44C4-A293-D8E329446175}.Debug|Any CPU.ActiveCfg = Debug|Any CPU
		{0F8E8FF4-982C-44C4-A293-D8E329446175}.Debug|Any CPU.Build.0 = Debug|Any CPU
		{0F8E8FF4-982C-44C4-A293-D8E329446175}.Debug|x64.ActiveCfg = Debug|Any CPU
		{0F8E8FF4-982C-44C4-A293-D8E329446175}.Debug|x64.Build.0 = Debug|Any CPU
		{0F8E8FF4-982C-44C4-A293-D8E329446175}.Debug|x86.ActiveCfg = Debug|Any CPU
		{0F8E8FF4-982C-44C4-A293-D8E329446175}.Debug|x86.Build.0 = Debug|Any CPU
		{0F8E8FF4-982C-44C4-A293-D8E329446175}.Release|Any CPU.ActiveCfg = Release|Any CPU
		{0F8E8FF4-982C-44C4-A293-D8E329446175}.Release|Any CPU.Build.0 = Release|Any CPU
		{0F8E8FF4-982C-44C4-A293-D8E329446175}.Release|x64.ActiveCfg = Release|Any CPU
		{0F8E8FF4-982C-44C4-A293-D8E329446175}.Release|x64.Build.0 = Release|Any CPU
		{0F8E8FF4-982C-44C4-A293-D8E329446175}.Release|x86.ActiveCfg = Release|Any CPU
		{0F8E8FF4-982C-44C4-A293-D8E329446175}.Release|x86.Build.0 = Release|Any CPU
		{EA54BCE8-BEAD-4B5F-97F5-F4D31EB0DF8B}.Debug|Any CPU.ActiveCfg = Debug|Any CPU
		{EA54BCE8-BEAD-4B5F-97F5-F4D31EB0DF8B}.Debug|Any CPU.Build.0 = Debug|Any CPU
		{EA54BCE8-BEAD-4B5F-97F5-F4D31EB0DF8B}.Debug|x64.ActiveCfg = Debug|Any CPU
		{EA54BCE8-BEAD-4B5F-97F5-F4D31EB0DF8B}.Debug|x64.Build.0 = Debug|Any CPU
		{EA54BCE8-BEAD-4B5F-97F5-F4D31EB0DF8B}.Debug|x86.ActiveCfg = Debug|Any CPU
		{EA54BCE8-BEAD-4B5F-97F5-F4D31EB0DF8B}.Debug|x86.Build.0 = Debug|Any CPU
		{EA54BCE8-BEAD-4B5F-97F5-F4D31EB0DF8B}.Release|Any CPU.ActiveCfg = Release|Any CPU
		{EA54BCE8-BEAD-4B5F-97F5-F4D31EB0DF8B}.Release|Any CPU.Build.0 = Release|Any CPU
		{EA54BCE8-BEAD-4B5F-97F5-F4D31EB0DF8B}.Release|x64.ActiveCfg = Release|Any CPU
		{EA54BCE8-BEAD-4B5F-97F5-F4D31EB0DF8B}.Release|x64.Build.0 = Release|Any CPU
		{EA54BCE8-BEAD-4B5F-97F5-F4D31EB0DF8B}.Release|x86.ActiveCfg = Release|Any CPU
		{EA54BCE8-BEAD-4B5F-97F5-F4D31EB0DF8B}.Release|x86.Build.0 = Release|Any CPU
		{33059599-4D87-4097-8BEB-2DDBEF927217}.Debug|Any CPU.ActiveCfg = Debug|Any CPU
		{33059599-4D87-4097-8BEB-2DDBEF927217}.Debug|Any CPU.Build.0 = Debug|Any CPU
		{33059599-4D87-4097-8BEB-2DDBEF927217}.Debug|x64.ActiveCfg = Debug|Any CPU
		{33059599-4D87-4097-8BEB-2DDBEF927217}.Debug|x64.Build.0 = Debug|Any CPU
		{33059599-4D87-4097-8BEB-2DDBEF927217}.Debug|x86.ActiveCfg = Debug|Any CPU
		{33059599-4D87-4097-8BEB-2DDBEF927217}.Debug|x86.Build.0 = Debug|Any CPU
		{33059599-4D87-4097-8BEB-2DDBEF927217}.Release|Any CPU.ActiveCfg = Release|Any CPU
		{33059599-4D87-4097-8BEB-2DDBEF927217}.Release|Any CPU.Build.0 = Release|Any CPU
		{33059599-4D87-4097-8BEB-2DDBEF927217}.Release|x64.ActiveCfg = Release|Any CPU
		{33059599-4D87-4097-8BEB-2DDBEF927217}.Release|x64.Build.0 = Release|Any CPU
		{33059599-4D87-4097-8BEB-2DDBEF927217}.Release|x86.ActiveCfg = Release|Any CPU
		{33059599-4D87-4097-8BEB-2DDBEF927217}.Release|x86.Build.0 = Release|Any CPU
		{A27266BF-2160-485E-AA4F-C696FD2AD2FD}.Debug|Any CPU.ActiveCfg = Debug|Any CPU
		{A27266BF-2160-485E-AA4F-C696FD2AD2FD}.Debug|Any CPU.Build.0 = Debug|Any CPU
		{A27266BF-2160-485E-AA4F-C696FD2AD2FD}.Debug|x64.ActiveCfg = Debug|Any CPU
		{A27266BF-2160-485E-AA4F-C696FD2AD2FD}.Debug|x64.Build.0 = Debug|Any CPU
		{A27266BF-2160-485E-AA4F-C696FD2AD2FD}.Debug|x86.ActiveCfg = Debug|Any CPU
		{A27266BF-2160-485E-AA4F-C696FD2AD2FD}.Debug|x86.Build.0 = Debug|Any CPU
		{A27266BF-2160-485E-AA4F-C696FD2AD2FD}.Release|Any CPU.ActiveCfg = Release|Any CPU
		{A27266BF-2160-485E-AA4F-C696FD2AD2FD}.Release|Any CPU.Build.0 = Release|Any CPU
		{A27266BF-2160-485E-AA4F-C696FD2AD2FD}.Release|x64.ActiveCfg = Release|Any CPU
		{A27266BF-2160-485E-AA4F-C696FD2AD2FD}.Release|x64.Build.0 = Release|Any CPU
		{A27266BF-2160-485E-AA4F-C696FD2AD2FD}.Release|x86.ActiveCfg = Release|Any CPU
		{A27266BF-2160-485E-AA4F-C696FD2AD2FD}.Release|x86.Build.0 = Release|Any CPU
		{C1001314-D797-4546-A90F-CEF6763EAE73}.Debug|Any CPU.ActiveCfg = Debug|Any CPU
		{C1001314-D797-4546-A90F-CEF6763EAE73}.Debug|Any CPU.Build.0 = Debug|Any CPU
		{C1001314-D797-4546-A90F-CEF6763EAE73}.Debug|x64.ActiveCfg = Debug|Any CPU
		{C1001314-D797-4546-A90F-CEF6763EAE73}.Debug|x64.Build.0 = Debug|Any CPU
		{C1001314-D797-4546-A90F-CEF6763EAE73}.Debug|x86.ActiveCfg = Debug|Any CPU
		{C1001314-D797-4546-A90F-CEF6763EAE73}.Debug|x86.Build.0 = Debug|Any CPU
		{C1001314-D797-4546-A90F-CEF6763EAE73}.Release|Any CPU.ActiveCfg = Release|Any CPU
		{C1001314-D797-4546-A90F-CEF6763EAE73}.Release|Any CPU.Build.0 = Release|Any CPU
		{C1001314-D797-4546-A90F-CEF6763EAE73}.Release|x64.ActiveCfg = Release|Any CPU
		{C1001314-D797-4546-A90F-CEF6763EAE73}.Release|x64.Build.0 = Release|Any CPU
		{C1001314-D797-4546-A90F-CEF6763EAE73}.Release|x86.ActiveCfg = Release|Any CPU
		{C1001314-D797-4546-A90F-CEF6763EAE73}.Release|x86.Build.0 = Release|Any CPU
		{D4C3D606-BF93-449D-AE88-F25D35EF29DD}.Debug|Any CPU.ActiveCfg = Debug|Any CPU
		{D4C3D606-BF93-449D-AE88-F25D35EF29DD}.Debug|Any CPU.Build.0 = Debug|Any CPU
		{D4C3D606-BF93-449D-AE88-F25D35EF29DD}.Debug|x64.ActiveCfg = Debug|Any CPU
		{D4C3D606-BF93-449D-AE88-F25D35EF29DD}.Debug|x64.Build.0 = Debug|Any CPU
		{D4C3D606-BF93-449D-AE88-F25D35EF29DD}.Debug|x86.ActiveCfg = Debug|Any CPU
		{D4C3D606-BF93-449D-AE88-F25D35EF29DD}.Debug|x86.Build.0 = Debug|Any CPU
		{D4C3D606-BF93-449D-AE88-F25D35EF29DD}.Release|Any CPU.ActiveCfg = Release|Any CPU
		{D4C3D606-BF93-449D-AE88-F25D35EF29DD}.Release|Any CPU.Build.0 = Release|Any CPU
		{D4C3D606-BF93-449D-AE88-F25D35EF29DD}.Release|x64.ActiveCfg = Release|Any CPU
		{D4C3D606-BF93-449D-AE88-F25D35EF29DD}.Release|x64.Build.0 = Release|Any CPU
		{D4C3D606-BF93-449D-AE88-F25D35EF29DD}.Release|x86.ActiveCfg = Release|Any CPU
		{D4C3D606-BF93-449D-AE88-F25D35EF29DD}.Release|x86.Build.0 = Release|Any CPU
		{88C35EB6-CBD9-4737-B9F9-AA853978D933}.Debug|Any CPU.ActiveCfg = Debug|Any CPU
		{88C35EB6-CBD9-4737-B9F9-AA853978D933}.Debug|Any CPU.Build.0 = Debug|Any CPU
		{88C35EB6-CBD9-4737-B9F9-AA853978D933}.Debug|x64.ActiveCfg = Debug|Any CPU
		{88C35EB6-CBD9-4737-B9F9-AA853978D933}.Debug|x64.Build.0 = Debug|Any CPU
		{88C35EB6-CBD9-4737-B9F9-AA853978D933}.Debug|x86.ActiveCfg = Debug|Any CPU
		{88C35EB6-CBD9-4737-B9F9-AA853978D933}.Debug|x86.Build.0 = Debug|Any CPU
		{88C35EB6-CBD9-4737-B9F9-AA853978D933}.Release|Any CPU.ActiveCfg = Release|Any CPU
		{88C35EB6-CBD9-4737-B9F9-AA853978D933}.Release|Any CPU.Build.0 = Release|Any CPU
		{88C35EB6-CBD9-4737-B9F9-AA853978D933}.Release|x64.ActiveCfg = Release|Any CPU
		{88C35EB6-CBD9-4737-B9F9-AA853978D933}.Release|x64.Build.0 = Release|Any CPU
		{88C35EB6-CBD9-4737-B9F9-AA853978D933}.Release|x86.ActiveCfg = Release|Any CPU
		{88C35EB6-CBD9-4737-B9F9-AA853978D933}.Release|x86.Build.0 = Release|Any CPU
		{EDFB2D73-B69C-4E87-8ACB-F3533F9E7EBB}.Debug|Any CPU.ActiveCfg = Debug|Any CPU
		{EDFB2D73-B69C-4E87-8ACB-F3533F9E7EBB}.Debug|Any CPU.Build.0 = Debug|Any CPU
		{EDFB2D73-B69C-4E87-8ACB-F3533F9E7EBB}.Debug|x64.ActiveCfg = Debug|Any CPU
		{EDFB2D73-B69C-4E87-8ACB-F3533F9E7EBB}.Debug|x64.Build.0 = Debug|Any CPU
		{EDFB2D73-B69C-4E87-8ACB-F3533F9E7EBB}.Debug|x86.ActiveCfg = Debug|Any CPU
		{EDFB2D73-B69C-4E87-8ACB-F3533F9E7EBB}.Debug|x86.Build.0 = Debug|Any CPU
		{EDFB2D73-B69C-4E87-8ACB-F3533F9E7EBB}.Release|Any CPU.ActiveCfg = Release|Any CPU
		{EDFB2D73-B69C-4E87-8ACB-F3533F9E7EBB}.Release|Any CPU.Build.0 = Release|Any CPU
		{EDFB2D73-B69C-4E87-8ACB-F3533F9E7EBB}.Release|x64.ActiveCfg = Release|Any CPU
		{EDFB2D73-B69C-4E87-8ACB-F3533F9E7EBB}.Release|x64.Build.0 = Release|Any CPU
		{EDFB2D73-B69C-4E87-8ACB-F3533F9E7EBB}.Release|x86.ActiveCfg = Release|Any CPU
		{EDFB2D73-B69C-4E87-8ACB-F3533F9E7EBB}.Release|x86.Build.0 = Release|Any CPU
		{6763E139-635E-489A-8A77-89BCD752FBEB}.Debug|Any CPU.ActiveCfg = Debug|Any CPU
		{6763E139-635E-489A-8A77-89BCD752FBEB}.Debug|Any CPU.Build.0 = Debug|Any CPU
		{6763E139-635E-489A-8A77-89BCD752FBEB}.Debug|x64.ActiveCfg = Debug|Any CPU
		{6763E139-635E-489A-8A77-89BCD752FBEB}.Debug|x64.Build.0 = Debug|Any CPU
		{6763E139-635E-489A-8A77-89BCD752FBEB}.Debug|x86.ActiveCfg = Debug|Any CPU
		{6763E139-635E-489A-8A77-89BCD752FBEB}.Debug|x86.Build.0 = Debug|Any CPU
		{6763E139-635E-489A-8A77-89BCD752FBEB}.Release|Any CPU.ActiveCfg = Release|Any CPU
		{6763E139-635E-489A-8A77-89BCD752FBEB}.Release|Any CPU.Build.0 = Release|Any CPU
		{6763E139-635E-489A-8A77-89BCD752FBEB}.Release|x64.ActiveCfg = Release|Any CPU
		{6763E139-635E-489A-8A77-89BCD752FBEB}.Release|x64.Build.0 = Release|Any CPU
		{6763E139-635E-489A-8A77-89BCD752FBEB}.Release|x86.ActiveCfg = Release|Any CPU
		{6763E139-635E-489A-8A77-89BCD752FBEB}.Release|x86.Build.0 = Release|Any CPU
		{4EE320D2-2E70-496B-AEF5-5CD2F8D4398A}.Debug|Any CPU.ActiveCfg = Debug|Any CPU
		{4EE320D2-2E70-496B-AEF5-5CD2F8D4398A}.Debug|Any CPU.Build.0 = Debug|Any CPU
		{4EE320D2-2E70-496B-AEF5-5CD2F8D4398A}.Debug|x64.ActiveCfg = Debug|Any CPU
		{4EE320D2-2E70-496B-AEF5-5CD2F8D4398A}.Debug|x64.Build.0 = Debug|Any CPU
		{4EE320D2-2E70-496B-AEF5-5CD2F8D4398A}.Debug|x86.ActiveCfg = Debug|Any CPU
		{4EE320D2-2E70-496B-AEF5-5CD2F8D4398A}.Debug|x86.Build.0 = Debug|Any CPU
		{4EE320D2-2E70-496B-AEF5-5CD2F8D4398A}.Release|Any CPU.ActiveCfg = Release|Any CPU
		{4EE320D2-2E70-496B-AEF5-5CD2F8D4398A}.Release|Any CPU.Build.0 = Release|Any CPU
		{4EE320D2-2E70-496B-AEF5-5CD2F8D4398A}.Release|x64.ActiveCfg = Release|Any CPU
		{4EE320D2-2E70-496B-AEF5-5CD2F8D4398A}.Release|x64.Build.0 = Release|Any CPU
		{4EE320D2-2E70-496B-AEF5-5CD2F8D4398A}.Release|x86.ActiveCfg = Release|Any CPU
		{4EE320D2-2E70-496B-AEF5-5CD2F8D4398A}.Release|x86.Build.0 = Release|Any CPU
		{D34669B0-8AAC-4BEB-9CE2-B27C6A8A3057}.Debug|Any CPU.ActiveCfg = Debug|Any CPU
		{D34669B0-8AAC-4BEB-9CE2-B27C6A8A3057}.Debug|Any CPU.Build.0 = Debug|Any CPU
		{D34669B0-8AAC-4BEB-9CE2-B27C6A8A3057}.Debug|x64.ActiveCfg = Debug|Any CPU
		{D34669B0-8AAC-4BEB-9CE2-B27C6A8A3057}.Debug|x64.Build.0 = Debug|Any CPU
		{D34669B0-8AAC-4BEB-9CE2-B27C6A8A3057}.Debug|x86.ActiveCfg = Debug|Any CPU
		{D34669B0-8AAC-4BEB-9CE2-B27C6A8A3057}.Debug|x86.Build.0 = Debug|Any CPU
		{D34669B0-8AAC-4BEB-9CE2-B27C6A8A3057}.Release|Any CPU.ActiveCfg = Release|Any CPU
		{D34669B0-8AAC-4BEB-9CE2-B27C6A8A3057}.Release|Any CPU.Build.0 = Release|Any CPU
		{D34669B0-8AAC-4BEB-9CE2-B27C6A8A3057}.Release|x64.ActiveCfg = Release|Any CPU
		{D34669B0-8AAC-4BEB-9CE2-B27C6A8A3057}.Release|x64.Build.0 = Release|Any CPU
		{D34669B0-8AAC-4BEB-9CE2-B27C6A8A3057}.Release|x86.ActiveCfg = Release|Any CPU
		{D34669B0-8AAC-4BEB-9CE2-B27C6A8A3057}.Release|x86.Build.0 = Release|Any CPU
		{A802AFD9-0F3A-4276-B790-9102AAA49687}.Debug|Any CPU.ActiveCfg = Debug|Any CPU
		{A802AFD9-0F3A-4276-B790-9102AAA49687}.Debug|Any CPU.Build.0 = Debug|Any CPU
		{A802AFD9-0F3A-4276-B790-9102AAA49687}.Debug|x64.ActiveCfg = Debug|Any CPU
		{A802AFD9-0F3A-4276-B790-9102AAA49687}.Debug|x64.Build.0 = Debug|Any CPU
		{A802AFD9-0F3A-4276-B790-9102AAA49687}.Debug|x86.ActiveCfg = Debug|Any CPU
		{A802AFD9-0F3A-4276-B790-9102AAA49687}.Debug|x86.Build.0 = Debug|Any CPU
		{A802AFD9-0F3A-4276-B790-9102AAA49687}.Release|Any CPU.ActiveCfg = Release|Any CPU
		{A802AFD9-0F3A-4276-B790-9102AAA49687}.Release|Any CPU.Build.0 = Release|Any CPU
		{A802AFD9-0F3A-4276-B790-9102AAA49687}.Release|x64.ActiveCfg = Release|Any CPU
		{A802AFD9-0F3A-4276-B790-9102AAA49687}.Release|x64.Build.0 = Release|Any CPU
		{A802AFD9-0F3A-4276-B790-9102AAA49687}.Release|x86.ActiveCfg = Release|Any CPU
		{A802AFD9-0F3A-4276-B790-9102AAA49687}.Release|x86.Build.0 = Release|Any CPU
	EndGlobalSection
	GlobalSection(NestedProjects) = preSolution
		{50929CF6-0475-4F19-BB39-8C31730A480B} = {115DEAE9-57ED-4D18-98B5-15C01D3E1653}
		{6B75EC03-A474-47F9-8D6F-82B65DC133A9} = {115DEAE9-57ED-4D18-98B5-15C01D3E1653}
		{8673D5C0-F9D4-4096-8ADE-27BC1E97AF22} = {115DEAE9-57ED-4D18-98B5-15C01D3E1653}
		{BAD5F9E1-DA18-4E9F-B19E-296D57FDEF78} = {115DEAE9-57ED-4D18-98B5-15C01D3E1653}
		{0EC796FA-754E-4927-AC04-8ADB4C9BD360} = {252682EB-D9B4-47EC-B73F-B801F8C3ED81}
		{03B7DFC0-58AE-4D54-9808-7CF75FA3D233} = {252682EB-D9B4-47EC-B73F-B801F8C3ED81}
		{59F1084B-A5DE-495E-BBB7-ADC446EC340A} = {252682EB-D9B4-47EC-B73F-B801F8C3ED81}
		{20B8DA20-A91E-4171-9BD6-F155D7311371} = {252682EB-D9B4-47EC-B73F-B801F8C3ED81}
		{18721C95-3128-4E41-B130-E74124AB3C94} = {252682EB-D9B4-47EC-B73F-B801F8C3ED81}
		{6625A6C1-296D-4091-9DD8-C851062BB5CE} = {40223B2F-10A0-4580-9206-E5E8B437D240}
		{4F5AECDF-3E60-4476-9A10-9B99E34D7E3D} = {6625A6C1-296D-4091-9DD8-C851062BB5CE}
		{41161FED-8E48-4244-97DE-A5878160BDDF} = {4F5AECDF-3E60-4476-9A10-9B99E34D7E3D}
		{53BED05F-DF2C-49FD-B4BB-5C31D6843959} = {4F5AECDF-3E60-4476-9A10-9B99E34D7E3D}
		{1F5C5C0E-90F1-4E73-9C6F-8F063606D448} = {4F5AECDF-3E60-4476-9A10-9B99E34D7E3D}
		{6B1DB742-8F30-435A-AF6B-D233D28156A2} = {4F5AECDF-3E60-4476-9A10-9B99E34D7E3D}
		{BF800445-2FD9-4B76-AB0C-2405FDA8899E} = {4F5AECDF-3E60-4476-9A10-9B99E34D7E3D}
		{F715FFF2-8626-41ED-9538-5C373072A59E} = {6625A6C1-296D-4091-9DD8-C851062BB5CE}
		{A1128274-EB66-4B7C-BC2D-5A3DFCB04691} = {F715FFF2-8626-41ED-9538-5C373072A59E}
		{070D9692-5425-4F74-AD07-E92777743529} = {F715FFF2-8626-41ED-9538-5C373072A59E}
		{A2CB30BF-AFEA-44AB-9FCD-B3C71B71FC9B} = {F715FFF2-8626-41ED-9538-5C373072A59E}
		{2C9C67A1-B0E4-442A-A6FD-180C4EB0E845} = {F715FFF2-8626-41ED-9538-5C373072A59E}
		{0F8E8FF4-982C-44C4-A293-D8E329446175} = {F715FFF2-8626-41ED-9538-5C373072A59E}
		{EA54BCE8-BEAD-4B5F-97F5-F4D31EB0DF8B} = {115DEAE9-57ED-4D18-98B5-15C01D3E1653}
		{38941AE1-A0EE-40E9-A18C-4734F34D5531} = {40223B2F-10A0-4580-9206-E5E8B437D240}
		{FEE094A6-A855-4F84-8E79-9F36E22205B0} = {38941AE1-A0EE-40E9-A18C-4734F34D5531}
		{33059599-4D87-4097-8BEB-2DDBEF927217} = {FEE094A6-A855-4F84-8E79-9F36E22205B0}
		{A27266BF-2160-485E-AA4F-C696FD2AD2FD} = {FEE094A6-A855-4F84-8E79-9F36E22205B0}
		{C1001314-D797-4546-A90F-CEF6763EAE73} = {FEE094A6-A855-4F84-8E79-9F36E22205B0}
		{D4C3D606-BF93-449D-AE88-F25D35EF29DD} = {FEE094A6-A855-4F84-8E79-9F36E22205B0}
		{88C35EB6-CBD9-4737-B9F9-AA853978D933} = {FEE094A6-A855-4F84-8E79-9F36E22205B0}
		{44E21018-39C0-408A-BAD7-567AA1D01E2C} = {38941AE1-A0EE-40E9-A18C-4734F34D5531}
		{EDFB2D73-B69C-4E87-8ACB-F3533F9E7EBB} = {44E21018-39C0-408A-BAD7-567AA1D01E2C}
		{6763E139-635E-489A-8A77-89BCD752FBEB} = {44E21018-39C0-408A-BAD7-567AA1D01E2C}
		{4EE320D2-2E70-496B-AEF5-5CD2F8D4398A} = {44E21018-39C0-408A-BAD7-567AA1D01E2C}
		{D34669B0-8AAC-4BEB-9CE2-B27C6A8A3057} = {44E21018-39C0-408A-BAD7-567AA1D01E2C}
		{A802AFD9-0F3A-4276-B790-9102AAA49687} = {44E21018-39C0-408A-BAD7-567AA1D01E2C}
	EndGlobalSection
EndGlobal
