
Microsoft Visual Studio Solution File, Format Version 12.00
# Visual Studio Version 16
VisualStudioVersion = 16.6.30114.105
MinimumVisualStudioVersion = 10.0.40219.1
Project("{2150E333-8FDC-42A3-9474-1A3956D46DE8}") = "src", "src", "{6980E559-E8DE-4A0C-85B9-1C721E35E06F}"
EndProject
Project("{FAE04EC0-301F-11D3-BF4B-00C04F79EFBC}") = "Timebox.Task.Api", "src\Timebox.Task.Api\Timebox.Task.Api.csproj", "{E11E3146-E185-433F-B1E0-0C08F9914AEC}"
EndProject
Project("{FAE04EC0-301F-11D3-BF4B-00C04F79EFBC}") = "Timebox.Task.Application", "src\Timebox.Task.Application\Timebox.Task.Application.csproj", "{0AE3CF30-0141-4296-9103-04FEDBDEFA8B}"
EndProject
Project("{FAE04EC0-301F-11D3-BF4B-00C04F79EFBC}") = "Timebox.Task.Application.Interfaces", "src\Timebox.Task.Application.Interfaces\Timebox.Task.Application.Interfaces.csproj", "{CDA9DEEF-7990-495D-8C56-0F1D68A136AA}"
EndProject
Project("{FAE04EC0-301F-11D3-BF4B-00C04F79EFBC}") = "Timebox.Task.Domain", "src\Timebox.Task.Domain\Timebox.Task.Domain.csproj", "{28E16A67-011E-4B33-B762-5E1CDAD58673}"
EndProject
Project("{FAE04EC0-301F-11D3-BF4B-00C04F79EFBC}") = "Timebox.Task.Infrastructure", "src\Timebox.Task.Infrastructure\Timebox.Task.Infrastructure.csproj", "{7EA8486D-F558-47D1-9029-994C787F6D35}"
EndProject
Project("{2150E333-8FDC-42A3-9474-1A3956D46DE8}") = "tests", "tests", "{2DD8F20D-E36D-4F30-A199-61607B33FD5A}"
EndProject
Project("{FAE04EC0-301F-11D3-BF4B-00C04F79EFBC}") = "Timebox.Task.Api.Tests", "tests\Timebox.Task.Api.Tests\Timebox.Task.Api.Tests.csproj", "{CA9929BF-4A48-4C43-87C2-C27F5B85B289}"
EndProject
Project("{FAE04EC0-301F-11D3-BF4B-00C04F79EFBC}") = "Timebox.Task.Application.Tests", "tests\Timebox.Task.Application.Tests\Timebox.Task.Application.Tests.csproj", "{130FBCB4-10A0-4B0D-BA38-292090607AB2}"
EndProject
Project("{FAE04EC0-301F-11D3-BF4B-00C04F79EFBC}") = "Timebox.Task.Application.Interfaces.Tests", "tests\Timebox.Task.Application.Interfaces.Tests\Timebox.Task.Application.Interfaces.Tests.csproj", "{1FAD4823-FBB9-4445-8096-266E576C0F65}"
EndProject
Project("{FAE04EC0-301F-11D3-BF4B-00C04F79EFBC}") = "Timebox.Task.Domain.Tests", "tests\Timebox.Task.Domain.Tests\Timebox.Task.Domain.Tests.csproj", "{2963CC1A-528B-4FF2-B6F3-3C61C7FEC9DF}"
EndProject
Project("{FAE04EC0-301F-11D3-BF4B-00C04F79EFBC}") = "Timebox.Task.Infrastructure.Tests", "tests\Timebox.Task.Infrastructure.Tests\Timebox.Task.Infrastructure.Tests.csproj", "{2324A7E8-4F7F-47BC-AE56-6255806D080B}"
EndProject
Global
	GlobalSection(SolutionConfigurationPlatforms) = preSolution
		Debug|Any CPU = Debug|Any CPU
		Debug|x64 = Debug|x64
		Debug|x86 = Debug|x86
		Release|Any CPU = Release|Any CPU
		Release|x64 = Release|x64
		Release|x86 = Release|x86
	EndGlobalSection
	GlobalSection(SolutionProperties) = preSolution
		HideSolutionNode = FALSE
	EndGlobalSection
	GlobalSection(ProjectConfigurationPlatforms) = postSolution
		{E11E3146-E185-433F-B1E0-0C08F9914AEC}.Debug|Any CPU.ActiveCfg = Debug|Any CPU
		{E11E3146-E185-433F-B1E0-0C08F9914AEC}.Debug|Any CPU.Build.0 = Debug|Any CPU
		{E11E3146-E185-433F-B1E0-0C08F9914AEC}.Debug|x64.ActiveCfg = Debug|Any CPU
		{E11E3146-E185-433F-B1E0-0C08F9914AEC}.Debug|x64.Build.0 = Debug|Any CPU
		{E11E3146-E185-433F-B1E0-0C08F9914AEC}.Debug|x86.ActiveCfg = Debug|Any CPU
		{E11E3146-E185-433F-B1E0-0C08F9914AEC}.Debug|x86.Build.0 = Debug|Any CPU
		{E11E3146-E185-433F-B1E0-0C08F9914AEC}.Release|Any CPU.ActiveCfg = Release|Any CPU
		{E11E3146-E185-433F-B1E0-0C08F9914AEC}.Release|Any CPU.Build.0 = Release|Any CPU
		{E11E3146-E185-433F-B1E0-0C08F9914AEC}.Release|x64.ActiveCfg = Release|Any CPU
		{E11E3146-E185-433F-B1E0-0C08F9914AEC}.Release|x64.Build.0 = Release|Any CPU
		{E11E3146-E185-433F-B1E0-0C08F9914AEC}.Release|x86.ActiveCfg = Release|Any CPU
		{E11E3146-E185-433F-B1E0-0C08F9914AEC}.Release|x86.Build.0 = Release|Any CPU
		{0AE3CF30-0141-4296-9103-04FEDBDEFA8B}.Debug|Any CPU.ActiveCfg = Debug|Any CPU
		{0AE3CF30-0141-4296-9103-04FEDBDEFA8B}.Debug|Any CPU.Build.0 = Debug|Any CPU
		{0AE3CF30-0141-4296-9103-04FEDBDEFA8B}.Debug|x64.ActiveCfg = Debug|Any CPU
		{0AE3CF30-0141-4296-9103-04FEDBDEFA8B}.Debug|x64.Build.0 = Debug|Any CPU
		{0AE3CF30-0141-4296-9103-04FEDBDEFA8B}.Debug|x86.ActiveCfg = Debug|Any CPU
		{0AE3CF30-0141-4296-9103-04FEDBDEFA8B}.Debug|x86.Build.0 = Debug|Any CPU
		{0AE3CF30-0141-4296-9103-04FEDBDEFA8B}.Release|Any CPU.ActiveCfg = Release|Any CPU
		{0AE3CF30-0141-4296-9103-04FEDBDEFA8B}.Release|Any CPU.Build.0 = Release|Any CPU
		{0AE3CF30-0141-4296-9103-04FEDBDEFA8B}.Release|x64.ActiveCfg = Release|Any CPU
		{0AE3CF30-0141-4296-9103-04FEDBDEFA8B}.Release|x64.Build.0 = Release|Any CPU
		{0AE3CF30-0141-4296-9103-04FEDBDEFA8B}.Release|x86.ActiveCfg = Release|Any CPU
		{0AE3CF30-0141-4296-9103-04FEDBDEFA8B}.Release|x86.Build.0 = Release|Any CPU
		{CDA9DEEF-7990-495D-8C56-0F1D68A136AA}.Debug|Any CPU.ActiveCfg = Debug|Any CPU
		{CDA9DEEF-7990-495D-8C56-0F1D68A136AA}.Debug|Any CPU.Build.0 = Debug|Any CPU
		{CDA9DEEF-7990-495D-8C56-0F1D68A136AA}.Debug|x64.ActiveCfg = Debug|Any CPU
		{CDA9DEEF-7990-495D-8C56-0F1D68A136AA}.Debug|x64.Build.0 = Debug|Any CPU
		{CDA9DEEF-7990-495D-8C56-0F1D68A136AA}.Debug|x86.ActiveCfg = Debug|Any CPU
		{CDA9DEEF-7990-495D-8C56-0F1D68A136AA}.Debug|x86.Build.0 = Debug|Any CPU
		{CDA9DEEF-7990-495D-8C56-0F1D68A136AA}.Release|Any CPU.ActiveCfg = Release|Any CPU
		{CDA9DEEF-7990-495D-8C56-0F1D68A136AA}.Release|Any CPU.Build.0 = Release|Any CPU
		{CDA9DEEF-7990-495D-8C56-0F1D68A136AA}.Release|x64.ActiveCfg = Release|Any CPU
		{CDA9DEEF-7990-495D-8C56-0F1D68A136AA}.Release|x64.Build.0 = Release|Any CPU
		{CDA9DEEF-7990-495D-8C56-0F1D68A136AA}.Release|x86.ActiveCfg = Release|Any CPU
		{CDA9DEEF-7990-495D-8C56-0F1D68A136AA}.Release|x86.Build.0 = Release|Any CPU
		{28E16A67-011E-4B33-B762-5E1CDAD58673}.Debug|Any CPU.ActiveCfg = Debug|Any CPU
		{28E16A67-011E-4B33-B762-5E1CDAD58673}.Debug|Any CPU.Build.0 = Debug|Any CPU
		{28E16A67-011E-4B33-B762-5E1CDAD58673}.Debug|x64.ActiveCfg = Debug|Any CPU
		{28E16A67-011E-4B33-B762-5E1CDAD58673}.Debug|x64.Build.0 = Debug|Any CPU
		{28E16A67-011E-4B33-B762-5E1CDAD58673}.Debug|x86.ActiveCfg = Debug|Any CPU
		{28E16A67-011E-4B33-B762-5E1CDAD58673}.Debug|x86.Build.0 = Debug|Any CPU
		{28E16A67-011E-4B33-B762-5E1CDAD58673}.Release|Any CPU.ActiveCfg = Release|Any CPU
		{28E16A67-011E-4B33-B762-5E1CDAD58673}.Release|Any CPU.Build.0 = Release|Any CPU
		{28E16A67-011E-4B33-B762-5E1CDAD58673}.Release|x64.ActiveCfg = Release|Any CPU
		{28E16A67-011E-4B33-B762-5E1CDAD58673}.Release|x64.Build.0 = Release|Any CPU
		{28E16A67-011E-4B33-B762-5E1CDAD58673}.Release|x86.ActiveCfg = Release|Any CPU
		{28E16A67-011E-4B33-B762-5E1CDAD58673}.Release|x86.Build.0 = Release|Any CPU
		{7EA8486D-F558-47D1-9029-994C787F6D35}.Debug|Any CPU.ActiveCfg = Debug|Any CPU
		{7EA8486D-F558-47D1-9029-994C787F6D35}.Debug|Any CPU.Build.0 = Debug|Any CPU
		{7EA8486D-F558-47D1-9029-994C787F6D35}.Debug|x64.ActiveCfg = Debug|Any CPU
		{7EA8486D-F558-47D1-9029-994C787F6D35}.Debug|x64.Build.0 = Debug|Any CPU
		{7EA8486D-F558-47D1-9029-994C787F6D35}.Debug|x86.ActiveCfg = Debug|Any CPU
		{7EA8486D-F558-47D1-9029-994C787F6D35}.Debug|x86.Build.0 = Debug|Any CPU
		{7EA8486D-F558-47D1-9029-994C787F6D35}.Release|Any CPU.ActiveCfg = Release|Any CPU
		{7EA8486D-F558-47D1-9029-994C787F6D35}.Release|Any CPU.Build.0 = Release|Any CPU
		{7EA8486D-F558-47D1-9029-994C787F6D35}.Release|x64.ActiveCfg = Release|Any CPU
		{7EA8486D-F558-47D1-9029-994C787F6D35}.Release|x64.Build.0 = Release|Any CPU
		{7EA8486D-F558-47D1-9029-994C787F6D35}.Release|x86.ActiveCfg = Release|Any CPU
		{7EA8486D-F558-47D1-9029-994C787F6D35}.Release|x86.Build.0 = Release|Any CPU
		{CA9929BF-4A48-4C43-87C2-C27F5B85B289}.Debug|Any CPU.ActiveCfg = Debug|Any CPU
		{CA9929BF-4A48-4C43-87C2-C27F5B85B289}.Debug|Any CPU.Build.0 = Debug|Any CPU
		{CA9929BF-4A48-4C43-87C2-C27F5B85B289}.Debug|x64.ActiveCfg = Debug|Any CPU
		{CA9929BF-4A48-4C43-87C2-C27F5B85B289}.Debug|x64.Build.0 = Debug|Any CPU
		{CA9929BF-4A48-4C43-87C2-C27F5B85B289}.Debug|x86.ActiveCfg = Debug|Any CPU
		{CA9929BF-4A48-4C43-87C2-C27F5B85B289}.Debug|x86.Build.0 = Debug|Any CPU
		{CA9929BF-4A48-4C43-87C2-C27F5B85B289}.Release|Any CPU.ActiveCfg = Release|Any CPU
		{CA9929BF-4A48-4C43-87C2-C27F5B85B289}.Release|Any CPU.Build.0 = Release|Any CPU
		{CA9929BF-4A48-4C43-87C2-C27F5B85B289}.Release|x64.ActiveCfg = Release|Any CPU
		{CA9929BF-4A48-4C43-87C2-C27F5B85B289}.Release|x64.Build.0 = Release|Any CPU
		{CA9929BF-4A48-4C43-87C2-C27F5B85B289}.Release|x86.ActiveCfg = Release|Any CPU
		{CA9929BF-4A48-4C43-87C2-C27F5B85B289}.Release|x86.Build.0 = Release|Any CPU
		{130FBCB4-10A0-4B0D-BA38-292090607AB2}.Debug|Any CPU.ActiveCfg = Debug|Any CPU
		{130FBCB4-10A0-4B0D-BA38-292090607AB2}.Debug|Any CPU.Build.0 = Debug|Any CPU
		{130FBCB4-10A0-4B0D-BA38-292090607AB2}.Debug|x64.ActiveCfg = Debug|Any CPU
		{130FBCB4-10A0-4B0D-BA38-292090607AB2}.Debug|x64.Build.0 = Debug|Any CPU
		{130FBCB4-10A0-4B0D-BA38-292090607AB2}.Debug|x86.ActiveCfg = Debug|Any CPU
		{130FBCB4-10A0-4B0D-BA38-292090607AB2}.Debug|x86.Build.0 = Debug|Any CPU
		{130FBCB4-10A0-4B0D-BA38-292090607AB2}.Release|Any CPU.ActiveCfg = Release|Any CPU
		{130FBCB4-10A0-4B0D-BA38-292090607AB2}.Release|Any CPU.Build.0 = Release|Any CPU
		{130FBCB4-10A0-4B0D-BA38-292090607AB2}.Release|x64.ActiveCfg = Release|Any CPU
		{130FBCB4-10A0-4B0D-BA38-292090607AB2}.Release|x64.Build.0 = Release|Any CPU
		{130FBCB4-10A0-4B0D-BA38-292090607AB2}.Release|x86.ActiveCfg = Release|Any CPU
		{130FBCB4-10A0-4B0D-BA38-292090607AB2}.Release|x86.Build.0 = Release|Any CPU
		{1FAD4823-FBB9-4445-8096-266E576C0F65}.Debug|Any CPU.ActiveCfg = Debug|Any CPU
		{1FAD4823-FBB9-4445-8096-266E576C0F65}.Debug|Any CPU.Build.0 = Debug|Any CPU
		{1FAD4823-FBB9-4445-8096-266E576C0F65}.Debug|x64.ActiveCfg = Debug|Any CPU
		{1FAD4823-FBB9-4445-8096-266E576C0F65}.Debug|x64.Build.0 = Debug|Any CPU
		{1FAD4823-FBB9-4445-8096-266E576C0F65}.Debug|x86.ActiveCfg = Debug|Any CPU
		{1FAD4823-FBB9-4445-8096-266E576C0F65}.Debug|x86.Build.0 = Debug|Any CPU
		{1FAD4823-FBB9-4445-8096-266E576C0F65}.Release|Any CPU.ActiveCfg = Release|Any CPU
		{1FAD4823-FBB9-4445-8096-266E576C0F65}.Release|Any CPU.Build.0 = Release|Any CPU
		{1FAD4823-FBB9-4445-8096-266E576C0F65}.Release|x64.ActiveCfg = Release|Any CPU
		{1FAD4823-FBB9-4445-8096-266E576C0F65}.Release|x64.Build.0 = Release|Any CPU
		{1FAD4823-FBB9-4445-8096-266E576C0F65}.Release|x86.ActiveCfg = Release|Any CPU
		{1FAD4823-FBB9-4445-8096-266E576C0F65}.Release|x86.Build.0 = Release|Any CPU
		{2963CC1A-528B-4FF2-B6F3-3C61C7FEC9DF}.Debug|Any CPU.ActiveCfg = Debug|Any CPU
		{2963CC1A-528B-4FF2-B6F3-3C61C7FEC9DF}.Debug|Any CPU.Build.0 = Debug|Any CPU
		{2963CC1A-528B-4FF2-B6F3-3C61C7FEC9DF}.Debug|x64.ActiveCfg = Debug|Any CPU
		{2963CC1A-528B-4FF2-B6F3-3C61C7FEC9DF}.Debug|x64.Build.0 = Debug|Any CPU
		{2963CC1A-528B-4FF2-B6F3-3C61C7FEC9DF}.Debug|x86.ActiveCfg = Debug|Any CPU
		{2963CC1A-528B-4FF2-B6F3-3C61C7FEC9DF}.Debug|x86.Build.0 = Debug|Any CPU
		{2963CC1A-528B-4FF2-B6F3-3C61C7FEC9DF}.Release|Any CPU.ActiveCfg = Release|Any CPU
		{2963CC1A-528B-4FF2-B6F3-3C61C7FEC9DF}.Release|Any CPU.Build.0 = Release|Any CPU
		{2963CC1A-528B-4FF2-B6F3-3C61C7FEC9DF}.Release|x64.ActiveCfg = Release|Any CPU
		{2963CC1A-528B-4FF2-B6F3-3C61C7FEC9DF}.Release|x64.Build.0 = Release|Any CPU
		{2963CC1A-528B-4FF2-B6F3-3C61C7FEC9DF}.Release|x86.ActiveCfg = Release|Any CPU
		{2963CC1A-528B-4FF2-B6F3-3C61C7FEC9DF}.Release|x86.Build.0 = Release|Any CPU
		{2324A7E8-4F7F-47BC-AE56-6255806D080B}.Debug|Any CPU.ActiveCfg = Debug|Any CPU
		{2324A7E8-4F7F-47BC-AE56-6255806D080B}.Debug|Any CPU.Build.0 = Debug|Any CPU
		{2324A7E8-4F7F-47BC-AE56-6255806D080B}.Debug|x64.ActiveCfg = Debug|Any CPU
		{2324A7E8-4F7F-47BC-AE56-6255806D080B}.Debug|x64.Build.0 = Debug|Any CPU
		{2324A7E8-4F7F-47BC-AE56-6255806D080B}.Debug|x86.ActiveCfg = Debug|Any CPU
		{2324A7E8-4F7F-47BC-AE56-6255806D080B}.Debug|x86.Build.0 = Debug|Any CPU
		{2324A7E8-4F7F-47BC-AE56-6255806D080B}.Release|Any CPU.ActiveCfg = Release|Any CPU
		{2324A7E8-4F7F-47BC-AE56-6255806D080B}.Release|Any CPU.Build.0 = Release|Any CPU
		{2324A7E8-4F7F-47BC-AE56-6255806D080B}.Release|x64.ActiveCfg = Release|Any CPU
		{2324A7E8-4F7F-47BC-AE56-6255806D080B}.Release|x64.Build.0 = Release|Any CPU
		{2324A7E8-4F7F-47BC-AE56-6255806D080B}.Release|x86.ActiveCfg = Release|Any CPU
		{2324A7E8-4F7F-47BC-AE56-6255806D080B}.Release|x86.Build.0 = Release|Any CPU
	EndGlobalSection
	GlobalSection(NestedProjects) = preSolution
		{E11E3146-E185-433F-B1E0-0C08F9914AEC} = {6980E559-E8DE-4A0C-85B9-1C721E35E06F}
		{0AE3CF30-0141-4296-9103-04FEDBDEFA8B} = {6980E559-E8DE-4A0C-85B9-1C721E35E06F}
		{CDA9DEEF-7990-495D-8C56-0F1D68A136AA} = {6980E559-E8DE-4A0C-85B9-1C721E35E06F}
		{28E16A67-011E-4B33-B762-5E1CDAD58673} = {6980E559-E8DE-4A0C-85B9-1C721E35E06F}
		{7EA8486D-F558-47D1-9029-994C787F6D35} = {6980E559-E8DE-4A0C-85B9-1C721E35E06F}
		{CA9929BF-4A48-4C43-87C2-C27F5B85B289} = {2DD8F20D-E36D-4F30-A199-61607B33FD5A}
		{130FBCB4-10A0-4B0D-BA38-292090607AB2} = {2DD8F20D-E36D-4F30-A199-61607B33FD5A}
		{1FAD4823-FBB9-4445-8096-266E576C0F65} = {2DD8F20D-E36D-4F30-A199-61607B33FD5A}
		{2963CC1A-528B-4FF2-B6F3-3C61C7FEC9DF} = {2DD8F20D-E36D-4F30-A199-61607B33FD5A}
		{2324A7E8-4F7F-47BC-AE56-6255806D080B} = {2DD8F20D-E36D-4F30-A199-61607B33FD5A}
	EndGlobalSection
EndGlobal
